{
  "version": 4,
  "terraform_version": "1.8.5",
  "serial": 54,
  "lineage": "ea12be8d-5edb-213b-3568-3e19fbd0babc",
  "outputs": {},
  "resources": [
    {
      "mode": "managed",
      "type": "aws_vpc",
      "name": "app_vpc",
      "provider": "provider[\"registry.terraform.io/hashicorp/aws\"]",
      "instances": [
        {
          "schema_version": 1,
          "attributes": {
            "arn": "arn:aws:ec2:us-east-1:737457451118:vpc/vpc-004e37d5b6359d560",
            "assign_generated_ipv6_cidr_block": false,
            "cidr_block": "10.0.0.0/16",
            "default_network_acl_id": "acl-0f4d92eafbb5944fc",
            "default_route_table_id": "rtb-063cda40960746246",
            "default_security_group_id": "sg-0f50619bb4e4f358c",
            "dhcp_options_id": "dopt-01485e86c420b5404",
            "enable_dns_hostnames": false,
            "enable_dns_support": true,
            "enable_network_address_usage_metrics": false,
            "id": "vpc-004e37d5b6359d560",
            "instance_tenancy": "default",
            "ipv4_ipam_pool_id": null,
            "ipv4_netmask_length": null,
            "ipv6_association_id": "",
            "ipv6_cidr_block": "",
            "ipv6_cidr_block_network_border_group": "",
            "ipv6_ipam_pool_id": "",
            "ipv6_netmask_length": 0,
            "main_route_table_id": "rtb-063cda40960746246",
            "owner_id": "737457451118",
            "tags": {
              "Name": "wordpress-app-vpc",
              "app": "wordpress",
              "created-by": "Bushra Fatima",
              "environment": "XLDP-dev",
              "owner": "Bushra Fatima",
              "project": "S217-XLDP",
              "team": "Firebirds"
            },
            "tags_all": {
              "Name": "wordpress-app-vpc",
              "app": "wordpress",
              "created-by": "Bushra Fatima",
              "environment": "XLDP-dev",
              "owner": "Bushra Fatima",
              "project": "S217-XLDP",
              "team": "Firebirds"
            }
          },
          "sensitive_attributes": [],
          "private": "eyJzY2hlbWFfdmVyc2lvbiI6IjEifQ==",
          "create_before_destroy": true
        }
      ]
    },
    {
      "module": "module.alb",
      "mode": "managed",
      "type": "aws_lb",
      "name": "wordpres_lb",
      "provider": "provider[\"registry.terraform.io/hashicorp/aws\"]",
      "instances": [
        {
          "schema_version": 0,
          "attributes": {
            "access_logs": [
              {
                "bucket": "",
                "enabled": false,
                "prefix": ""
              }
            ],
            "arn": "arn:aws:elasticloadbalancing:us-east-1:737457451118:loadbalancer/app/wordppres-lb/86f0a6da3ec2e211",
            "arn_suffix": "app/wordppres-lb/86f0a6da3ec2e211",
            "client_keep_alive": 3600,
            "connection_logs": [
              {
                "bucket": "",
                "enabled": false,
                "prefix": ""
              }
            ],
            "customer_owned_ipv4_pool": "",
            "desync_mitigation_mode": "defensive",
            "dns_name": "wordppres-lb-1948540389.us-east-1.elb.amazonaws.com",
            "dns_record_client_routing_policy": null,
            "drop_invalid_header_fields": false,
            "enable_cross_zone_load_balancing": true,
            "enable_deletion_protection": false,
            "enable_http2": true,
            "enable_tls_version_and_cipher_suite_headers": false,
            "enable_waf_fail_open": false,
            "enable_xff_client_port": false,
            "enforce_security_group_inbound_rules_on_private_link_traffic": "",
            "id": "arn:aws:elasticloadbalancing:us-east-1:737457451118:loadbalancer/app/wordppres-lb/86f0a6da3ec2e211",
            "idle_timeout": 60,
            "internal": false,
            "ip_address_type": "ipv4",
            "load_balancer_type": "application",
            "name": "wordppres-lb",
            "name_prefix": "",
            "preserve_host_header": false,
            "security_groups": [
              "sg-029826e6707a5665f"
            ],
            "subnet_mapping": [
              {
                "allocation_id": "",
                "ipv6_address": "",
                "outpost_id": "",
                "private_ipv4_address": "",
                "subnet_id": "subnet-08b92f5b7e11885f4"
              },
              {
                "allocation_id": "",
                "ipv6_address": "",
                "outpost_id": "",
                "private_ipv4_address": "",
                "subnet_id": "subnet-0e65e5699729e168d"
              }
            ],
            "subnets": [
              "subnet-08b92f5b7e11885f4",
              "subnet-0e65e5699729e168d"
            ],
            "tags": {
              "Name": "wordpress-app-lb",
              "app": "wordpress",
              "created-by": "Bushra Fatima",
              "environment": "XLDP-dev",
              "owner": "Bushra Fatima",
              "project": "S217-XLDP",
              "team": "Firebirds"
            },
            "tags_all": {
              "Name": "wordpress-app-lb",
              "app": "wordpress",
              "created-by": "Bushra Fatima",
              "environment": "XLDP-dev",
              "owner": "Bushra Fatima",
              "project": "S217-XLDP",
              "team": "Firebirds"
            },
            "timeouts": null,
            "vpc_id": "vpc-004e37d5b6359d560",
            "xff_header_processing_mode": "append",
            "zone_id": "Z35SXDOTRQ7X7K"
          },
          "sensitive_attributes": [],
          "private": "eyJlMmJmYjczMC1lY2FhLTExZTYtOGY4OC0zNDM2M2JjN2M0YzAiOnsiY3JlYXRlIjo2MDAwMDAwMDAwMDAsImRlbGV0ZSI6NjAwMDAwMDAwMDAwLCJ1cGRhdGUiOjYwMDAwMDAwMDAwMH19",
          "dependencies": [
            "aws_vpc.app_vpc",
            "module.sg.aws_security_group.wordpressApp_alb_sg",
            "module.subnet_module.aws_subnet.public_subnet_us_east_1a",
            "module.subnet_module.aws_subnet.public_subnet_us_east_1b"
          ]
        }
      ]
    },
    {
      "module": "module.alb",
      "mode": "managed",
      "type": "aws_lb_listener",
      "name": "lb_listener",
      "provider": "provider[\"registry.terraform.io/hashicorp/aws\"]",
      "instances": [
        {
          "schema_version": 0,
          "attributes": {
            "alpn_policy": null,
            "arn": "arn:aws:elasticloadbalancing:us-east-1:737457451118:listener/app/wordppres-lb/86f0a6da3ec2e211/159e1e3357e99887",
            "certificate_arn": null,
            "default_action": [
              {
                "authenticate_cognito": [],
                "authenticate_oidc": [],
                "fixed_response": [],
                "forward": [],
                "order": 1,
                "redirect": [
                  {
                    "host": "#{host}",
                    "path": "/#{path}",
                    "port": "443",
                    "protocol": "HTTPS",
                    "query": "#{query}",
                    "status_code": "HTTP_301"
                  }
                ],
                "target_group_arn": "",
                "type": "redirect"
              }
            ],
            "id": "arn:aws:elasticloadbalancing:us-east-1:737457451118:listener/app/wordppres-lb/86f0a6da3ec2e211/159e1e3357e99887",
            "load_balancer_arn": "arn:aws:elasticloadbalancing:us-east-1:737457451118:loadbalancer/app/wordppres-lb/86f0a6da3ec2e211",
            "mutual_authentication": [],
            "port": 80,
            "protocol": "HTTP",
            "ssl_policy": "",
            "tags": {
              "Name": "wordpress-app-lb_listener",
              "app": "wordpress",
              "created-by": "Bushra Fatima",
              "environment": "XLDP-dev",
              "owner": "Bushra Fatima",
              "project": "S217-XLDP",
              "team": "Firebirds"
            },
            "tags_all": {
              "Name": "wordpress-app-lb_listener",
              "app": "wordpress",
              "created-by": "Bushra Fatima",
              "environment": "XLDP-dev",
              "owner": "Bushra Fatima",
              "project": "S217-XLDP",
              "team": "Firebirds"
            },
            "timeouts": null
          },
          "sensitive_attributes": [],
          "private": "eyJlMmJmYjczMC1lY2FhLTExZTYtOGY4OC0zNDM2M2JjN2M0YzAiOnsiY3JlYXRlIjozMDAwMDAwMDAwMDAsInVwZGF0ZSI6MzAwMDAwMDAwMDAwfX0=",
          "dependencies": [
            "aws_vpc.app_vpc",
            "module.alb.aws_lb.wordpres_lb",
            "module.alb.aws_lb_target_group.lb_target_group",
            "module.sg.aws_security_group.wordpressApp_alb_sg",
            "module.subnet_module.aws_subnet.public_subnet_us_east_1a",
            "module.subnet_module.aws_subnet.public_subnet_us_east_1b"
          ]
        }
      ]
    },
    {
      "module": "module.alb",
      "mode": "managed",
      "type": "aws_lb_listener",
      "name": "lb_listener_https",
      "provider": "provider[\"registry.terraform.io/hashicorp/aws\"]",
      "instances": [
        {
          "schema_version": 0,
          "attributes": {
            "alpn_policy": null,
            "arn": "arn:aws:elasticloadbalancing:us-east-1:737457451118:listener/app/wordppres-lb/86f0a6da3ec2e211/eb77ca8da32623bb",
            "certificate_arn": "arn:aws:acm:us-east-1:737457451118:certificate/37d1c86b-1336-42b8-bfd3-6664064f2e24",
            "default_action": [
              {
                "authenticate_cognito": [],
                "authenticate_oidc": [],
                "fixed_response": [],
                "forward": [],
                "order": 1,
                "redirect": [],
                "target_group_arn": "arn:aws:elasticloadbalancing:us-east-1:737457451118:targetgroup/wordpress-app-target-group/56d23b2c790ce931",
                "type": "forward"
              }
            ],
            "id": "arn:aws:elasticloadbalancing:us-east-1:737457451118:listener/app/wordppres-lb/86f0a6da3ec2e211/eb77ca8da32623bb",
            "load_balancer_arn": "arn:aws:elasticloadbalancing:us-east-1:737457451118:loadbalancer/app/wordppres-lb/86f0a6da3ec2e211",
            "mutual_authentication": [
              {
                "ignore_client_certificate_expiry": false,
                "mode": "off",
                "trust_store_arn": ""
              }
            ],
            "port": 443,
            "protocol": "HTTPS",
            "ssl_policy": "ELBSecurityPolicy-TLS13-1-2-2021-06",
            "tags": {
              "Name": "wordpress-app-lb_listeber-https",
              "app": "wordpress",
              "created-by": "Bushra Fatima",
              "environment": "XLDP-dev",
              "owner": "Bushra Fatima",
              "project": "S217-XLDP",
              "team": "Firebirds"
            },
            "tags_all": {
              "Name": "wordpress-app-lb_listeber-https",
              "app": "wordpress",
              "created-by": "Bushra Fatima",
              "environment": "XLDP-dev",
              "owner": "Bushra Fatima",
              "project": "S217-XLDP",
              "team": "Firebirds"
            },
            "timeouts": null
          },
          "sensitive_attributes": [],
          "private": "eyJlMmJmYjczMC1lY2FhLTExZTYtOGY4OC0zNDM2M2JjN2M0YzAiOnsiY3JlYXRlIjozMDAwMDAwMDAwMDAsInVwZGF0ZSI6MzAwMDAwMDAwMDAwfX0=",
          "dependencies": [
            "aws_vpc.app_vpc",
            "module.alb.aws_lb.wordpres_lb",
            "module.alb.aws_lb_target_group.lb_target_group",
            "module.cert_module.module.acm_certificate.aws_acm_certificate.this",
            "module.cert_module.module.acm_certificate.aws_acm_certificate_validation.this",
            "module.cert_module.module.acm_certificate.aws_route53_record.validation",
            "module.route_53.data.aws_route53_zone.wp_route53_zone",
            "module.sg.aws_security_group.wordpressApp_alb_sg",
            "module.subnet_module.aws_subnet.public_subnet_us_east_1a",
            "module.subnet_module.aws_subnet.public_subnet_us_east_1b"
          ]
        }
      ]
    },
    {
      "module": "module.alb",
      "mode": "managed",
      "type": "aws_lb_target_group",
      "name": "lb_target_group",
      "provider": "provider[\"registry.terraform.io/hashicorp/aws\"]",
      "instances": [
        {
          "schema_version": 0,
          "attributes": {
            "arn": "arn:aws:elasticloadbalancing:us-east-1:737457451118:targetgroup/wordpress-app-target-group/56d23b2c790ce931",
            "arn_suffix": "targetgroup/wordpress-app-target-group/56d23b2c790ce931",
            "connection_termination": null,
            "deregistration_delay": "300",
            "health_check": [
              {
                "enabled": true,
                "healthy_threshold": 2,
                "interval": 30,
                "matcher": "200",
                "path": "/",
                "port": "traffic-port",
                "protocol": "HTTP",
                "timeout": 25,
                "unhealthy_threshold": 5
              }
            ],
            "id": "arn:aws:elasticloadbalancing:us-east-1:737457451118:targetgroup/wordpress-app-target-group/56d23b2c790ce931",
            "ip_address_type": "ipv4",
            "lambda_multi_value_headers_enabled": false,
            "load_balancer_arns": [
              "arn:aws:elasticloadbalancing:us-east-1:737457451118:loadbalancer/app/wordppres-lb/86f0a6da3ec2e211"
            ],
            "load_balancing_algorithm_type": "round_robin",
            "load_balancing_anomaly_mitigation": "off",
            "load_balancing_cross_zone_enabled": "use_load_balancer_configuration",
            "name": "wordpress-app-target-group",
            "name_prefix": "",
            "port": 80,
            "preserve_client_ip": null,
            "protocol": "HTTP",
            "protocol_version": "HTTP1",
            "proxy_protocol_v2": false,
            "slow_start": 0,
            "stickiness": [
              {
                "cookie_duration": 86400,
                "cookie_name": "",
                "enabled": false,
                "type": "lb_cookie"
              }
            ],
            "tags": {
              "Name": "wordpress-app-target_group",
              "app": "wordpress",
              "created-by": "Bushra Fatima",
              "environment": "XLDP-dev",
              "owner": "Bushra Fatima",
              "project": "S217-XLDP",
              "team": "Firebirds"
            },
            "tags_all": {
              "Name": "wordpress-app-target_group",
              "app": "wordpress",
              "created-by": "Bushra Fatima",
              "environment": "XLDP-dev",
              "owner": "Bushra Fatima",
              "project": "S217-XLDP",
              "team": "Firebirds"
            },
            "target_failover": [
              {
                "on_deregistration": null,
                "on_unhealthy": null
              }
            ],
            "target_group_health": [
              {
                "dns_failover": [
                  {
                    "minimum_healthy_targets_count": "1",
                    "minimum_healthy_targets_percentage": "off"
                  }
                ],
                "unhealthy_state_routing": [
                  {
                    "minimum_healthy_targets_count": 1,
                    "minimum_healthy_targets_percentage": "off"
                  }
                ]
              }
            ],
            "target_health_state": [
              {
                "enable_unhealthy_connection_termination": null
              }
            ],
            "target_type": "ip",
            "vpc_id": "vpc-004e37d5b6359d560"
          },
          "sensitive_attributes": [],
          "private": "bnVsbA==",
          "dependencies": [
            "aws_vpc.app_vpc"
          ]
        }
      ]
    },
    {
      "module": "module.aws_instance",
      "mode": "data",
      "type": "aws_ami",
      "name": "latest_aws_linux_image",
      "provider": "provider[\"registry.terraform.io/hashicorp/aws\"]",
      "instances": [
        {
          "schema_version": 0,
          "attributes": {
            "architecture": "x86_64",
            "arn": "arn:aws:ec2:us-east-1::image/ami-020ce7b4a10644f12",
            "block_device_mappings": [
              {
                "device_name": "/dev/xvda",
                "ebs": {
                  "delete_on_termination": "true",
                  "encrypted": "false",
                  "iops": "0",
                  "snapshot_id": "snap-014523859eeba813e",
                  "throughput": "0",
                  "volume_size": "30",
                  "volume_type": "gp2"
                },
                "no_device": "",
                "virtual_name": ""
              }
            ],
            "boot_mode": "",
            "creation_date": "2023-12-11T22:48:29.000Z",
            "deprecation_time": "2025-12-11T22:48:29.000Z",
            "description": "Amazon Linux AMI 2.0.20231211 x86_64 ECS HVM GP2",
            "ena_support": true,
            "executable_users": null,
            "filter": [
              {
                "name": "name",
                "values": [
                  "amzn2-ami-ecs-hvm-2.0.20231211-x86_64-ebs"
                ]
              },
              {
                "name": "virtualization-type",
                "values": [
                  "hvm"
                ]
              }
            ],
            "hypervisor": "xen",
            "id": "ami-020ce7b4a10644f12",
            "image_id": "ami-020ce7b4a10644f12",
            "image_location": "amazon/amzn2-ami-ecs-hvm-2.0.20231211-x86_64-ebs",
            "image_owner_alias": "amazon",
            "image_type": "machine",
            "imds_support": "",
            "include_deprecated": false,
            "kernel_id": "",
            "most_recent": true,
            "name": "amzn2-ami-ecs-hvm-2.0.20231211-x86_64-ebs",
            "name_regex": null,
            "owner_id": "591542846629",
            "owners": [
              "amazon"
            ],
            "platform": "",
            "platform_details": "Linux/UNIX",
            "product_codes": [],
            "public": true,
            "ramdisk_id": "",
            "root_device_name": "/dev/xvda",
            "root_device_type": "ebs",
            "root_snapshot_id": "snap-014523859eeba813e",
            "sriov_net_support": "simple",
            "state": "available",
            "state_reason": {
              "code": "UNSET",
              "message": "UNSET"
            },
            "tags": {
              "Name": "new"
            },
            "timeouts": null,
            "tpm_support": "",
            "usage_operation": "RunInstances",
            "virtualization_type": "hvm"
          },
          "sensitive_attributes": []
        }
      ]
    },
    {
      "module": "module.aws_instance",
      "mode": "managed",
      "type": "aws_autoscaling_group",
      "name": "ec2_autoscaling_group",
      "provider": "provider[\"registry.terraform.io/hashicorp/aws\"]",
      "instances": [
        {
          "schema_version": 1,
          "attributes": {
            "arn": "arn:aws:autoscaling:us-east-1:737457451118:autoScalingGroup:1fe336c8-1fdb-4234-87b9-abc5d460321b:autoScalingGroupName/wordpress-ec2-autoscale",
            "availability_zones": [
              "us-east-1a",
              "us-east-1b"
            ],
            "capacity_rebalance": false,
            "context": "",
            "default_cooldown": 300,
            "default_instance_warmup": 0,
            "desired_capacity": 2,
            "desired_capacity_type": "",
            "enabled_metrics": [],
            "force_delete": false,
            "force_delete_warm_pool": false,
            "health_check_grace_period": 300,
            "health_check_type": "ELB",
            "id": "wordpress-ec2-autoscale",
            "ignore_failed_scaling_activities": false,
            "initial_lifecycle_hook": [],
            "instance_maintenance_policy": [],
            "instance_refresh": [],
            "launch_configuration": "wordpress-app-launch-instance",
            "launch_template": [],
            "load_balancers": [],
            "max_instance_lifetime": 0,
            "max_size": 2,
            "metrics_granularity": "1Minute",
            "min_elb_capacity": null,
            "min_size": 2,
            "mixed_instances_policy": [],
            "name": "wordpress-ec2-autoscale",
            "name_prefix": "",
            "placement_group": "",
            "predicted_capacity": 0,
            "protect_from_scale_in": false,
            "service_linked_role_arn": "arn:aws:iam::737457451118:role/aws-service-role/autoscaling.amazonaws.com/AWSServiceRoleForAutoScaling",
            "suspended_processes": [],
            "tag": [
              {
                "key": "Name",
                "propagate_at_launch": true,
                "value": "wordpress-app-asg"
              }
            ],
            "target_group_arns": [],
            "termination_policies": [],
            "timeouts": null,
            "traffic_source": [],
            "vpc_zone_identifier": [
              "subnet-026c33d601c5ba4dc",
              "subnet-0932f448536ef1ca9"
            ],
            "wait_for_capacity_timeout": "10m",
            "wait_for_elb_capacity": null,
            "warm_pool": [],
            "warm_pool_size": 0
          },
          "sensitive_attributes": [],
          "private": "eyJlMmJmYjczMC1lY2FhLTExZTYtOGY4OC0zNDM2M2JjN2M0YzAiOnsiZGVsZXRlIjo2MDAwMDAwMDAwMDAsInVwZGF0ZSI6NjAwMDAwMDAwMDAwfSwic2NoZW1hX3ZlcnNpb24iOiIxIn0=",
          "dependencies": [
            "aws_vpc.app_vpc",
            "module.aws_instance.aws_key_pair.ssh_key",
            "module.aws_instance.aws_launch_configuration.wordpress_app_launch_config",
            "module.aws_instance.data.aws_ami.latest_aws_linux_image",
            "module.ecs.aws_ecs_cluster.ecs_cluster",
            "module.iam.aws_iam_instance_profile.ecs_asg_instance_profile",
            "module.iam.aws_iam_role.ecs_instance_role",
            "module.iam.data.aws_iam_policy_document.ecs_instance_assume_role_policy",
            "module.sg.aws_security_group.jump_server_sg",
            "module.sg.aws_security_group.wordpressApp_alb_sg",
            "module.sg.aws_security_group.wordpressApp_sg",
            "module.subnet_module.aws_subnet.private_subnet_us_east_1a",
            "module.subnet_module.aws_subnet.private_subnet_us_east_1b"
          ],
          "create_before_destroy": true
        }
      ]
    },
    {
      "module": "module.aws_instance",
      "mode": "managed",
      "type": "aws_autoscaling_policy",
      "name": "scale_in_policy",
      "provider": "provider[\"registry.terraform.io/hashicorp/aws\"]",
      "instances": [
        {
          "schema_version": 0,
          "attributes": {
            "adjustment_type": "ChangeInCapacity",
            "arn": "arn:aws:autoscaling:us-east-1:737457451118:scalingPolicy:f3068aee-85e3-42a4-8958-5514b0193ed9:autoScalingGroupName/wordpress-ec2-autoscale:policyName/scale-in",
            "autoscaling_group_name": "wordpress-ec2-autoscale",
            "cooldown": 120,
            "enabled": true,
            "estimated_instance_warmup": 0,
            "id": "scale-in",
            "metric_aggregation_type": "",
            "min_adjustment_magnitude": 0,
            "name": "scale-in",
            "policy_type": "SimpleScaling",
            "predictive_scaling_configuration": [],
            "scaling_adjustment": -1,
            "step_adjustment": [],
            "target_tracking_configuration": []
          },
          "sensitive_attributes": [],
          "private": "bnVsbA==",
          "dependencies": [
            "aws_vpc.app_vpc",
            "module.aws_instance.aws_autoscaling_group.ec2_autoscaling_group",
            "module.aws_instance.aws_key_pair.ssh_key",
            "module.aws_instance.aws_launch_configuration.wordpress_app_launch_config",
            "module.aws_instance.data.aws_ami.latest_aws_linux_image",
            "module.ecs.aws_ecs_cluster.ecs_cluster",
            "module.iam.aws_iam_instance_profile.ecs_asg_instance_profile",
            "module.iam.aws_iam_role.ecs_instance_role",
            "module.iam.data.aws_iam_policy_document.ecs_instance_assume_role_policy",
            "module.sg.aws_security_group.jump_server_sg",
            "module.sg.aws_security_group.wordpressApp_alb_sg",
            "module.sg.aws_security_group.wordpressApp_sg",
            "module.subnet_module.aws_subnet.private_subnet_us_east_1a",
            "module.subnet_module.aws_subnet.private_subnet_us_east_1b"
          ]
        }
      ]
    },
    {
      "module": "module.aws_instance",
      "mode": "managed",
      "type": "aws_autoscaling_policy",
      "name": "scale_out_policy",
      "provider": "provider[\"registry.terraform.io/hashicorp/aws\"]",
      "instances": [
        {
          "schema_version": 0,
          "attributes": {
            "adjustment_type": "ChangeInCapacity",
            "arn": "arn:aws:autoscaling:us-east-1:737457451118:scalingPolicy:233abc0f-b73a-4389-8875-57a84e808f97:autoScalingGroupName/wordpress-ec2-autoscale:policyName/scale-out",
            "autoscaling_group_name": "wordpress-ec2-autoscale",
            "cooldown": 120,
            "enabled": true,
            "estimated_instance_warmup": 0,
            "id": "scale-out",
            "metric_aggregation_type": "",
            "min_adjustment_magnitude": 0,
            "name": "scale-out",
            "policy_type": "SimpleScaling",
            "predictive_scaling_configuration": [],
            "scaling_adjustment": 1,
            "step_adjustment": [],
            "target_tracking_configuration": []
          },
          "sensitive_attributes": [],
          "private": "bnVsbA==",
          "dependencies": [
            "aws_vpc.app_vpc",
            "module.aws_instance.aws_autoscaling_group.ec2_autoscaling_group",
            "module.aws_instance.aws_key_pair.ssh_key",
            "module.aws_instance.aws_launch_configuration.wordpress_app_launch_config",
            "module.aws_instance.data.aws_ami.latest_aws_linux_image",
            "module.ecs.aws_ecs_cluster.ecs_cluster",
            "module.iam.aws_iam_instance_profile.ecs_asg_instance_profile",
            "module.iam.aws_iam_role.ecs_instance_role",
            "module.iam.data.aws_iam_policy_document.ecs_instance_assume_role_policy",
            "module.sg.aws_security_group.jump_server_sg",
            "module.sg.aws_security_group.wordpressApp_alb_sg",
            "module.sg.aws_security_group.wordpressApp_sg",
            "module.subnet_module.aws_subnet.private_subnet_us_east_1a",
            "module.subnet_module.aws_subnet.private_subnet_us_east_1b"
          ]
        }
      ]
    },
    {
      "module": "module.aws_instance",
      "mode": "managed",
      "type": "aws_instance",
      "name": "bastion_host",
      "provider": "provider[\"registry.terraform.io/hashicorp/aws\"]",
      "instances": [
        {
          "schema_version": 1,
          "attributes": {
            "ami": "ami-020ce7b4a10644f12",
            "arn": "arn:aws:ec2:us-east-1:737457451118:instance/i-049d3cd70f07aa8cd",
            "associate_public_ip_address": true,
            "availability_zone": "us-east-1a",
            "capacity_reservation_specification": [
              {
                "capacity_reservation_preference": "open",
                "capacity_reservation_target": []
              }
            ],
            "cpu_core_count": 1,
            "cpu_options": [
              {
                "amd_sev_snp": "",
                "core_count": 1,
                "threads_per_core": 1
              }
            ],
            "cpu_threads_per_core": 1,
            "credit_specification": [
              {
                "cpu_credits": "standard"
              }
            ],
            "disable_api_stop": false,
            "disable_api_termination": false,
            "ebs_block_device": [],
            "ebs_optimized": false,
            "enclave_options": [
              {
                "enabled": false
              }
            ],
            "ephemeral_block_device": [],
            "get_password_data": false,
            "hibernation": false,
            "host_id": "",
            "host_resource_group_arn": null,
            "iam_instance_profile": "",
            "id": "i-049d3cd70f07aa8cd",
            "instance_initiated_shutdown_behavior": "stop",
            "instance_lifecycle": "",
            "instance_market_options": [],
            "instance_state": "running",
            "instance_type": "t2.micro",
            "ipv6_address_count": 0,
            "ipv6_addresses": [],
            "key_name": "server-app-key",
            "launch_template": [],
            "maintenance_options": [
              {
                "auto_recovery": "default"
              }
            ],
            "metadata_options": [
              {
                "http_endpoint": "enabled",
                "http_protocol_ipv6": "disabled",
                "http_put_response_hop_limit": 1,
                "http_tokens": "optional",
                "instance_metadata_tags": "disabled"
              }
            ],
            "monitoring": false,
            "network_interface": [],
            "outpost_arn": "",
            "password_data": "",
            "placement_group": "",
            "placement_partition_number": 0,
            "primary_network_interface_id": "eni-0c1ad0218d613f496",
            "private_dns": "ip-10-0-1-224.ec2.internal",
            "private_dns_name_options": [
              {
                "enable_resource_name_dns_a_record": false,
                "enable_resource_name_dns_aaaa_record": false,
                "hostname_type": "ip-name"
              }
            ],
            "private_ip": "10.0.1.224",
            "public_dns": "",
            "public_ip": "44.200.151.228",
            "root_block_device": [
              {
                "delete_on_termination": true,
                "device_name": "/dev/xvda",
                "encrypted": false,
                "iops": 100,
                "kms_key_id": "",
                "tags": {},
                "tags_all": {},
                "throughput": 0,
                "volume_id": "vol-09b19ce3ad89bc81f",
                "volume_size": 30,
                "volume_type": "gp2"
              }
            ],
            "secondary_private_ips": [],
            "security_groups": [],
            "source_dest_check": true,
            "spot_instance_request_id": "",
            "subnet_id": "subnet-08b92f5b7e11885f4",
            "tags": {
              "Name": "BastionHost"
            },
            "tags_all": {
              "Name": "BastionHost"
            },
            "tenancy": "default",
            "timeouts": null,
            "user_data": null,
            "user_data_base64": null,
            "user_data_replace_on_change": false,
            "volume_tags": null,
            "vpc_security_group_ids": [
              "sg-024f4787680c892f7"
            ]
          },
          "sensitive_attributes": [],
          "private": "eyJlMmJmYjczMC1lY2FhLTExZTYtOGY4OC0zNDM2M2JjN2M0YzAiOnsiY3JlYXRlIjo2MDAwMDAwMDAwMDAsImRlbGV0ZSI6MTIwMDAwMDAwMDAwMCwicmVhZCI6OTAwMDAwMDAwMDAwLCJ1cGRhdGUiOjYwMDAwMDAwMDAwMH0sInNjaGVtYV92ZXJzaW9uIjoiMSJ9",
          "dependencies": [
            "aws_vpc.app_vpc",
            "module.aws_instance.aws_key_pair.ssh_key",
            "module.sg.aws_security_group.jump_server_sg",
            "module.subnet_module.aws_subnet.public_subnet_us_east_1a"
          ]
        }
      ]
    },
    {
      "module": "module.aws_instance",
      "mode": "managed",
      "type": "aws_key_pair",
      "name": "ssh_key",
      "provider": "provider[\"registry.terraform.io/hashicorp/aws\"]",
      "instances": [
        {
          "schema_version": 1,
          "attributes": {
            "arn": "arn:aws:ec2:us-east-1:737457451118:key-pair/server-app-key",
            "fingerprint": "61:0a:e0:9e:88:d9:de:50:d4:5e:0f:40:28:78:6e:2d",
            "id": "server-app-key",
            "key_name": "server-app-key",
            "key_name_prefix": "",
            "key_pair_id": "key-0b49cfef5cb34e9c8",
            "key_type": "rsa",
            "public_key": "ssh-rsa AAAAB3NzaC1yc2EAAAADAQABAAABgQC9N1xC9lbPb8PEM/n0gP7A8hpZBwH4ItvUnajNqCZessJTxx9kQN8J/cLEnwmF5fhq6aKuAdkHM2gM5ygkn8xpadryDJj+TGxEEiNFkucfMD3app6QRpfwYt1vaHseeXWf/5vO0/GeLR9m73LDMUKiiJU+V8cRNC0srDDwqZEzJoULNzH7J85TDizeG8/gLn3gb1mB4XjhJpa9/hZ/C1InR73JMKcd7VBbxOQ0MiQ/CXqnj6U44u1IFdHfbMWrY0M2lWbIzsuQfkRPIANsPbxdUiJhto+K80xk8gnZrMtsZg0jVqACWCBU9gT0fK6Q96nEt5t4okJqZr21S+JhMFvEK7vQuNMPY2R+3vKgygrWKfyVHAIcNRrC9Xi3KFPwrqGXVJ1kOvdvh20QjQCbOPfu9FjgTMxKHuSI0LvZsjI5zZNz8yNxO4PDo2ihxBQPOvIVXzmKZY/tCWX9TPF7Jl9DpunT/5O5V/230/YNIzUm48nWu1OzC6GFmFOCFMtSvcc= xgrid@xgrid-IdeaPad-5-15ITL05",
            "tags": {},
            "tags_all": {}
          },
          "sensitive_attributes": [],
          "private": "eyJzY2hlbWFfdmVyc2lvbiI6IjEifQ==",
          "create_before_destroy": true
        }
      ]
    },
    {
      "module": "module.aws_instance",
      "mode": "managed",
      "type": "aws_launch_configuration",
      "name": "wordpress_app_launch_config",
      "provider": "provider[\"registry.terraform.io/hashicorp/aws\"]",
      "instances": [
        {
          "schema_version": 0,
          "attributes": {
            "arn": "arn:aws:autoscaling:us-east-1:737457451118:launchConfiguration:0f3b7646-e6a4-4b12-a31f-ad465f5a0ff6:launchConfigurationName/wordpress-app-launch-instance",
            "associate_public_ip_address": true,
            "ebs_block_device": [],
            "ebs_optimized": false,
            "enable_monitoring": true,
            "ephemeral_block_device": [],
            "iam_instance_profile": "arn:aws:iam::737457451118:instance-profile/ecsasgInstanceProfile",
            "id": "wordpress-app-launch-instance",
            "image_id": "ami-020ce7b4a10644f12",
            "instance_type": "t2.medium",
            "key_name": "server-app-key",
            "metadata_options": [],
            "name": "wordpress-app-launch-instance",
            "name_prefix": "",
            "placement_tenancy": "",
            "root_block_device": [],
            "security_groups": [
              "sg-0483fe0487800896e"
            ],
            "spot_price": "",
            "user_data": "d95351d6de09c69642648c2c262be87ad3b1b8fe",
            "user_data_base64": null
          },
          "sensitive_attributes": [],
          "private": "bnVsbA==",
          "dependencies": [
            "aws_vpc.app_vpc",
            "module.aws_instance.aws_key_pair.ssh_key",
            "module.aws_instance.data.aws_ami.latest_aws_linux_image",
            "module.ecs.aws_ecs_cluster.ecs_cluster",
            "module.iam.aws_iam_instance_profile.ecs_asg_instance_profile",
            "module.iam.aws_iam_role.ecs_instance_role",
            "module.iam.data.aws_iam_policy_document.ecs_instance_assume_role_policy",
            "module.sg.aws_security_group.jump_server_sg",
            "module.sg.aws_security_group.wordpressApp_alb_sg",
            "module.sg.aws_security_group.wordpressApp_sg"
          ],
          "create_before_destroy": true
        }
      ]
    },
    {
      "module": "module.backend",
      "mode": "managed",
      "type": "aws_dynamodb_table",
      "name": "state_lock_table",
      "provider": "provider[\"registry.terraform.io/hashicorp/aws\"]",
      "instances": [
        {
          "schema_version": 1,
          "attributes": {
            "arn": "arn:aws:dynamodb:us-east-1:737457451118:table/wordpress-statelock-table",
            "attribute": [
              {
                "name": "LockID",
                "type": "S"
              }
            ],
            "billing_mode": "PROVISIONED",
            "deletion_protection_enabled": false,
            "global_secondary_index": [],
            "hash_key": "LockID",
            "id": "wordpress-statelock-table",
            "import_table": [],
            "local_secondary_index": [],
            "name": "wordpress-statelock-table",
            "point_in_time_recovery": [
              {
                "enabled": false
              }
            ],
            "range_key": null,
            "read_capacity": 1,
            "replica": [],
            "restore_date_time": null,
            "restore_source_name": null,
            "restore_to_latest_time": null,
            "server_side_encryption": [],
            "stream_arn": "",
            "stream_enabled": false,
            "stream_label": "",
            "stream_view_type": "",
            "table_class": "STANDARD",
            "tags": {
              "Name": "wordpress-app-wordpress-statelock-table",
              "app": "wordpress",
              "created-by": "Bushra Fatima",
              "environment": "XLDP-dev",
              "owner": "Bushra Fatima",
              "project": "S217-XLDP",
              "team": "Firebirds"
            },
            "tags_all": {
              "Name": "wordpress-app-wordpress-statelock-table",
              "app": "wordpress",
              "created-by": "Bushra Fatima",
              "environment": "XLDP-dev",
              "owner": "Bushra Fatima",
              "project": "S217-XLDP",
              "team": "Firebirds"
            },
            "timeouts": null,
            "ttl": [
              {
                "attribute_name": "",
                "enabled": false
              }
            ],
            "write_capacity": 1
          },
          "sensitive_attributes": [],
          "private": "eyJlMmJmYjczMC1lY2FhLTExZTYtOGY4OC0zNDM2M2JjN2M0YzAiOnsiY3JlYXRlIjoxODAwMDAwMDAwMDAwLCJkZWxldGUiOjYwMDAwMDAwMDAwMCwidXBkYXRlIjozNjAwMDAwMDAwMDAwfSwic2NoZW1hX3ZlcnNpb24iOiIxIn0="
        }
      ]
    },
    {
      "module": "module.backend",
      "mode": "managed",
      "type": "aws_s3_bucket",
      "name": "terraform_state_bucket",
      "provider": "provider[\"registry.terraform.io/hashicorp/aws\"]",
      "instances": [
        {
          "schema_version": 0,
          "attributes": {
            "acceleration_status": "",
            "acl": null,
            "arn": "arn:aws:s3:::wordpress-state-bucket",
            "bucket": "wordpress-state-bucket",
            "bucket_domain_name": "wordpress-state-bucket.s3.amazonaws.com",
            "bucket_prefix": "",
            "bucket_regional_domain_name": "wordpress-state-bucket.s3.us-east-1.amazonaws.com",
            "cors_rule": [],
            "force_destroy": false,
            "grant": [
              {
                "id": "621c9d17e714aa97ced547cf1bb191ed3ee660bc4120ac26e33612aaeaf258ab",
                "permissions": [
                  "FULL_CONTROL"
                ],
                "type": "CanonicalUser",
                "uri": ""
              }
            ],
            "hosted_zone_id": "Z3AQBSTGFYJSTF",
            "id": "wordpress-state-bucket",
            "lifecycle_rule": [],
            "logging": [],
            "object_lock_configuration": [],
            "object_lock_enabled": false,
            "policy": "",
            "region": "us-east-1",
            "replication_configuration": [],
            "request_payer": "BucketOwner",
            "server_side_encryption_configuration": [
              {
                "rule": [
                  {
                    "apply_server_side_encryption_by_default": [
                      {
                        "kms_master_key_id": "",
                        "sse_algorithm": "AES256"
                      }
                    ],
                    "bucket_key_enabled": false
                  }
                ]
              }
            ],
            "tags": {
              "Name": "wordpress-app-wordpress-state-bucket",
              "app": "wordpress",
              "created-by": "Bushra Fatima",
              "environment": "XLDP-dev",
              "owner": "Bushra Fatima",
              "project": "S217-XLDP",
              "team": "Firebirds"
            },
            "tags_all": {
              "Name": "wordpress-app-wordpress-state-bucket",
              "app": "wordpress",
              "created-by": "Bushra Fatima",
              "environment": "XLDP-dev",
              "owner": "Bushra Fatima",
              "project": "S217-XLDP",
              "team": "Firebirds"
            },
            "timeouts": null,
            "versioning": [
              {
                "enabled": true,
                "mfa_delete": false
              }
            ],
            "website": [],
            "website_domain": null,
            "website_endpoint": null
          },
          "sensitive_attributes": [],
          "private": "eyJlMmJmYjczMC1lY2FhLTExZTYtOGY4OC0zNDM2M2JjN2M0YzAiOnsiY3JlYXRlIjoxMjAwMDAwMDAwMDAwLCJkZWxldGUiOjM2MDAwMDAwMDAwMDAsInJlYWQiOjEyMDAwMDAwMDAwMDAsInVwZGF0ZSI6MTIwMDAwMDAwMDAwMH19"
        }
      ]
    },
    {
      "module": "module.backend",
      "mode": "managed",
      "type": "aws_s3_bucket_versioning",
      "name": "state_bucket_versioning",
      "provider": "provider[\"registry.terraform.io/hashicorp/aws\"]",
      "instances": [
        {
          "schema_version": 0,
          "attributes": {
            "bucket": "wordpress-state-bucket",
            "expected_bucket_owner": "",
            "id": "wordpress-state-bucket",
            "mfa": null,
            "versioning_configuration": [
              {
                "mfa_delete": "",
                "status": "Enabled"
              }
            ]
          },
          "sensitive_attributes": [],
          "private": "bnVsbA==",
          "dependencies": [
            "module.backend.aws_s3_bucket.terraform_state_bucket"
          ]
        }
      ]
    },
    {
      "module": "module.cert_module.module.acm_certificate",
      "mode": "managed",
      "type": "aws_acm_certificate",
      "name": "this",
      "provider": "provider[\"registry.terraform.io/hashicorp/aws\"]",
      "instances": [
        {
          "index_key": 0,
          "schema_version": 0,
          "attributes": {
            "arn": "arn:aws:acm:us-east-1:737457451118:certificate/37d1c86b-1336-42b8-bfd3-6664064f2e24",
            "certificate_authority_arn": "",
            "certificate_body": null,
            "certificate_chain": null,
            "domain_name": "xldp.xgrid.co",
            "domain_validation_options": [
              {
                "domain_name": "fatima-wordpress.xldp.xgrid.co",
                "resource_record_name": "_8445695efaa852e19dda410ea775a17a.fatima-wordpress.xldp.xgrid.co.",
                "resource_record_type": "CNAME",
                "resource_record_value": "_2bda2123010b698fa4bd56eda2837917.sdgjtdhdhz.acm-validations.aws."
              },
              {
                "domain_name": "xldp.xgrid.co",
                "resource_record_name": "_ac8bb2c92844816b03f65de0c9070f09.xldp.xgrid.co.",
                "resource_record_type": "CNAME",
                "resource_record_value": "_0ec89e76335220f0cd25cf0687cc97d4.jgjvgkdqrt.acm-validations.aws."
              }
            ],
            "early_renewal_duration": "",
            "id": "arn:aws:acm:us-east-1:737457451118:certificate/37d1c86b-1336-42b8-bfd3-6664064f2e24",
            "key_algorithm": "RSA_2048",
            "not_after": "2025-08-20T23:59:59Z",
            "not_before": "2024-07-22T00:00:00Z",
            "options": [
              {
                "certificate_transparency_logging_preference": "ENABLED"
              }
            ],
            "pending_renewal": false,
            "private_key": null,
            "renewal_eligibility": "ELIGIBLE",
            "renewal_summary": [],
            "status": "ISSUED",
            "subject_alternative_names": [
              "fatima-wordpress.xldp.xgrid.co",
              "xldp.xgrid.co"
            ],
            "tags": {},
            "tags_all": {},
            "type": "AMAZON_ISSUED",
            "validation_emails": [],
            "validation_method": "DNS",
            "validation_option": []
          },
          "sensitive_attributes": [
            [
              {
                "type": "get_attr",
                "value": "private_key"
              }
            ]
          ],
          "private": "bnVsbA==",
          "create_before_destroy": true
        }
      ]
    },
    {
      "module": "module.cert_module.module.acm_certificate",
      "mode": "managed",
      "type": "aws_acm_certificate_validation",
      "name": "this",
      "provider": "provider[\"registry.terraform.io/hashicorp/aws\"]",
      "instances": []
    },
    {
      "module": "module.cert_module.module.acm_certificate",
      "mode": "managed",
      "type": "aws_route53_record",
      "name": "validation",
      "provider": "provider[\"registry.terraform.io/hashicorp/aws\"]",
      "instances": [
        {
          "index_key": 0,
          "schema_version": 2,
          "attributes": {
            "alias": [],
            "allow_overwrite": true,
            "cidr_routing_policy": [],
            "failover_routing_policy": [],
            "fqdn": "_8445695efaa852e19dda410ea775a17a.fatima-wordpress.xldp.xgrid.co",
            "geolocation_routing_policy": [],
            "geoproximity_routing_policy": [],
            "health_check_id": "",
            "id": "Z04915193OVBRMG8HX327__8445695efaa852e19dda410ea775a17a.fatima-wordpress.xldp.xgrid.co._CNAME",
            "latency_routing_policy": [],
            "multivalue_answer_routing_policy": false,
            "name": "_8445695efaa852e19dda410ea775a17a.fatima-wordpress.xldp.xgrid.co",
            "records": [
              "_2bda2123010b698fa4bd56eda2837917.sdgjtdhdhz.acm-validations.aws."
            ],
            "set_identifier": "",
            "ttl": 60,
            "type": "CNAME",
            "weighted_routing_policy": [],
            "zone_id": "Z04915193OVBRMG8HX327"
          },
          "sensitive_attributes": [],
          "private": "eyJzY2hlbWFfdmVyc2lvbiI6IjIifQ==",
          "dependencies": [
            "module.cert_module.module.acm_certificate.aws_acm_certificate.this",
            "module.route_53.data.aws_route53_zone.wp_route53_zone"
          ]
        },
        {
          "index_key": 1,
          "schema_version": 2,
          "attributes": {
            "alias": [],
            "allow_overwrite": true,
            "cidr_routing_policy": [],
            "failover_routing_policy": [],
            "fqdn": "_ac8bb2c92844816b03f65de0c9070f09.xldp.xgrid.co",
            "geolocation_routing_policy": [],
            "geoproximity_routing_policy": [],
            "health_check_id": "",
            "id": "Z04915193OVBRMG8HX327__ac8bb2c92844816b03f65de0c9070f09.xldp.xgrid.co._CNAME",
            "latency_routing_policy": [],
            "multivalue_answer_routing_policy": false,
            "name": "_ac8bb2c92844816b03f65de0c9070f09.xldp.xgrid.co",
            "records": [
              "_0ec89e76335220f0cd25cf0687cc97d4.jgjvgkdqrt.acm-validations.aws."
            ],
            "set_identifier": "",
            "ttl": 60,
            "type": "CNAME",
            "weighted_routing_policy": [],
            "zone_id": "Z04915193OVBRMG8HX327"
          },
          "sensitive_attributes": [],
          "private": "eyJzY2hlbWFfdmVyc2lvbiI6IjIifQ==",
          "dependencies": [
            "module.cert_module.module.acm_certificate.aws_acm_certificate.this",
            "module.route_53.data.aws_route53_zone.wp_route53_zone"
          ]
        }
      ]
    },
    {
      "module": "module.cloudwatch_alarm",
      "mode": "managed",
      "type": "aws_cloudwatch_log_group",
      "name": "wordpress_cwlog_group",
      "provider": "provider[\"registry.terraform.io/hashicorp/aws\"]",
      "instances": [
        {
          "schema_version": 0,
          "attributes": {
            "arn": "arn:aws:logs:us-east-1:737457451118:log-group:wordpress-app-log-groups",
            "id": "wordpress-app-log-groups",
            "kms_key_id": "",
            "log_group_class": "STANDARD",
            "name": "wordpress-app-log-groups",
            "name_prefix": "",
            "retention_in_days": 0,
            "skip_destroy": false,
            "tags": {
              "Name": "wordpress-log-group"
            },
            "tags_all": {
              "Name": "wordpress-log-group"
            }
          },
          "sensitive_attributes": [],
          "private": "bnVsbA=="
        }
      ]
    },
    {
      "module": "module.ecs",
      "mode": "managed",
      "type": "aws_ecs_cluster",
      "name": "ecs_cluster",
      "provider": "provider[\"registry.terraform.io/hashicorp/aws\"]",
      "instances": [
        {
          "schema_version": 0,
          "attributes": {
            "arn": "arn:aws:ecs:us-east-1:737457451118:cluster/wordpress-ecs-cluster",
            "configuration": [],
            "id": "arn:aws:ecs:us-east-1:737457451118:cluster/wordpress-ecs-cluster",
            "name": "wordpress-ecs-cluster",
            "service_connect_defaults": [],
            "setting": [
              {
                "name": "containerInsights",
                "value": "disabled"
              }
            ],
            "tags": {
              "Name": "wordpress-app-cluster",
              "app": "wordpress",
              "created-by": "Bushra Fatima",
              "environment": "XLDP-dev",
              "owner": "Bushra Fatima",
              "project": "S217-XLDP",
              "team": "Firebirds"
            },
            "tags_all": {
              "Name": "wordpress-app-cluster",
              "app": "wordpress",
              "created-by": "Bushra Fatima",
              "environment": "XLDP-dev",
              "owner": "Bushra Fatima",
              "project": "S217-XLDP",
              "team": "Firebirds"
            }
          },
          "sensitive_attributes": [],
          "private": "bnVsbA==",
          "create_before_destroy": true
        }
      ]
    },
    {
      "module": "module.iam",
      "mode": "data",
      "type": "aws_iam_policy_document",
      "name": "ecs_execution_assume_role_policy",
      "provider": "provider[\"registry.terraform.io/hashicorp/aws\"]",
      "instances": [
        {
          "schema_version": 0,
          "attributes": {
            "id": "1077804475",
            "json": "{\n  \"Version\": \"2012-10-17\",\n  \"Statement\": [\n    {\n      \"Effect\": \"Allow\",\n      \"Action\": \"sts:AssumeRole\",\n      \"Principal\": {\n        \"Service\": \"ecs-tasks.amazonaws.com\"\n      }\n    }\n  ]\n}",
            "minified_json": "{\"Version\":\"2012-10-17\",\"Statement\":[{\"Effect\":\"Allow\",\"Action\":\"sts:AssumeRole\",\"Principal\":{\"Service\":\"ecs-tasks.amazonaws.com\"}}]}",
            "override_json": null,
            "override_policy_documents": null,
            "policy_id": null,
            "source_json": null,
            "source_policy_documents": null,
            "statement": [
              {
                "actions": [
                  "sts:AssumeRole"
                ],
                "condition": [],
                "effect": "Allow",
                "not_actions": [],
                "not_principals": [],
                "not_resources": [],
                "principals": [
                  {
                    "identifiers": [
                      "ecs-tasks.amazonaws.com"
                    ],
                    "type": "Service"
                  }
                ],
                "resources": [],
                "sid": ""
              }
            ],
            "version": "2012-10-17"
          },
          "sensitive_attributes": []
        }
      ]
    },
    {
      "module": "module.iam",
      "mode": "data",
      "type": "aws_iam_policy_document",
      "name": "ecs_execution_secrets_manager_access",
      "provider": "provider[\"registry.terraform.io/hashicorp/aws\"]",
      "instances": [
        {
          "schema_version": 0,
          "attributes": {
            "id": "898629345",
            "json": "{\n  \"Version\": \"2012-10-17\",\n  \"Statement\": [\n    {\n      \"Effect\": \"Allow\",\n      \"Action\": \"secretsmanager:GetSecretValue\",\n      \"Resource\": \"arn:aws:secretsmanager:us-east-1:737457451118:secret:dbsss-seecret-K6xhCn\"\n    }\n  ]\n}",
            "minified_json": "{\"Version\":\"2012-10-17\",\"Statement\":[{\"Effect\":\"Allow\",\"Action\":\"secretsmanager:GetSecretValue\",\"Resource\":\"arn:aws:secretsmanager:us-east-1:737457451118:secret:dbsss-seecret-K6xhCn\"}]}",
            "override_json": null,
            "override_policy_documents": null,
            "policy_id": null,
            "source_json": null,
            "source_policy_documents": null,
            "statement": [
              {
                "actions": [
                  "secretsmanager:GetSecretValue"
                ],
                "condition": [],
                "effect": "Allow",
                "not_actions": [],
                "not_principals": [],
                "not_resources": [],
                "principals": [],
                "resources": [
                  "arn:aws:secretsmanager:us-east-1:737457451118:secret:dbsss-seecret-K6xhCn"
                ],
                "sid": ""
              }
            ],
            "version": "2012-10-17"
          },
          "sensitive_attributes": []
        }
      ]
    },
    {
      "module": "module.iam",
      "mode": "data",
      "type": "aws_iam_policy_document",
      "name": "ecs_instance_assume_role_policy",
      "provider": "provider[\"registry.terraform.io/hashicorp/aws\"]",
      "instances": [
        {
          "schema_version": 0,
          "attributes": {
            "id": "2851119427",
            "json": "{\n  \"Version\": \"2012-10-17\",\n  \"Statement\": [\n    {\n      \"Effect\": \"Allow\",\n      \"Action\": \"sts:AssumeRole\",\n      \"Principal\": {\n        \"Service\": \"ec2.amazonaws.com\"\n      }\n    }\n  ]\n}",
            "minified_json": "{\"Version\":\"2012-10-17\",\"Statement\":[{\"Effect\":\"Allow\",\"Action\":\"sts:AssumeRole\",\"Principal\":{\"Service\":\"ec2.amazonaws.com\"}}]}",
            "override_json": null,
            "override_policy_documents": null,
            "policy_id": null,
            "source_json": null,
            "source_policy_documents": null,
            "statement": [
              {
                "actions": [
                  "sts:AssumeRole"
                ],
                "condition": [],
                "effect": "Allow",
                "not_actions": [],
                "not_principals": [],
                "not_resources": [],
                "principals": [
                  {
                    "identifiers": [
                      "ec2.amazonaws.com"
                    ],
                    "type": "Service"
                  }
                ],
                "resources": [],
                "sid": ""
              }
            ],
            "version": "2012-10-17"
          },
          "sensitive_attributes": []
        }
      ]
    },
    {
      "module": "module.iam",
      "mode": "data",
      "type": "aws_iam_policy_document",
      "name": "ecs_service_assume_role_policy",
      "provider": "provider[\"registry.terraform.io/hashicorp/aws\"]",
      "instances": [
        {
          "schema_version": 0,
          "attributes": {
            "id": "258469924",
            "json": "{\n  \"Version\": \"2012-10-17\",\n  \"Statement\": [\n    {\n      \"Effect\": \"Allow\",\n      \"Action\": \"sts:AssumeRole\",\n      \"Principal\": {\n        \"Service\": \"ecs.amazonaws.com\"\n      }\n    }\n  ]\n}",
            "minified_json": "{\"Version\":\"2012-10-17\",\"Statement\":[{\"Effect\":\"Allow\",\"Action\":\"sts:AssumeRole\",\"Principal\":{\"Service\":\"ecs.amazonaws.com\"}}]}",
            "override_json": null,
            "override_policy_documents": null,
            "policy_id": null,
            "source_json": null,
            "source_policy_documents": null,
            "statement": [
              {
                "actions": [
                  "sts:AssumeRole"
                ],
                "condition": [],
                "effect": "Allow",
                "not_actions": [],
                "not_principals": [],
                "not_resources": [],
                "principals": [
                  {
                    "identifiers": [
                      "ecs.amazonaws.com"
                    ],
                    "type": "Service"
                  }
                ],
                "resources": [],
                "sid": ""
              }
            ],
            "version": "2012-10-17"
          },
          "sensitive_attributes": []
        }
      ]
    },
    {
      "module": "module.iam",
      "mode": "data",
      "type": "aws_iam_policy_document",
      "name": "ecs_task_assume_role_policy",
      "provider": "provider[\"registry.terraform.io/hashicorp/aws\"]",
      "instances": [
        {
          "schema_version": 0,
          "attributes": {
            "id": "1077804475",
            "json": "{\n  \"Version\": \"2012-10-17\",\n  \"Statement\": [\n    {\n      \"Effect\": \"Allow\",\n      \"Action\": \"sts:AssumeRole\",\n      \"Principal\": {\n        \"Service\": \"ecs-tasks.amazonaws.com\"\n      }\n    }\n  ]\n}",
            "minified_json": "{\"Version\":\"2012-10-17\",\"Statement\":[{\"Effect\":\"Allow\",\"Action\":\"sts:AssumeRole\",\"Principal\":{\"Service\":\"ecs-tasks.amazonaws.com\"}}]}",
            "override_json": null,
            "override_policy_documents": null,
            "policy_id": null,
            "source_json": null,
            "source_policy_documents": null,
            "statement": [
              {
                "actions": [
                  "sts:AssumeRole"
                ],
                "condition": [],
                "effect": "Allow",
                "not_actions": [],
                "not_principals": [],
                "not_resources": [],
                "principals": [
                  {
                    "identifiers": [
                      "ecs-tasks.amazonaws.com"
                    ],
                    "type": "Service"
                  }
                ],
                "resources": [],
                "sid": ""
              }
            ],
            "version": "2012-10-17"
          },
          "sensitive_attributes": []
        }
      ]
    },
    {
      "module": "module.iam",
      "mode": "data",
      "type": "aws_iam_policy_document",
      "name": "ecs_task_policy",
      "provider": "provider[\"registry.terraform.io/hashicorp/aws\"]",
      "instances": [
        {
          "schema_version": 0,
          "attributes": {
            "id": "3221169399",
            "json": "{\n  \"Version\": \"2012-10-17\",\n  \"Statement\": [\n    {\n      \"Effect\": \"Allow\",\n      \"Action\": [\n        \"ec2:DetachNetworkInterface\",\n        \"ec2:DescribeSubnets\",\n        \"ec2:DescribeSecurityGroups\",\n        \"ec2:DescribeNetworkInterfaces\",\n        \"ec2:DescribeInstances\",\n        \"ec2:DeleteNetworkInterface\",\n        \"ec2:CreateNetworkInterface\",\n        \"ec2:AttachNetworkInterface\"\n      ],\n      \"Resource\": \"arn:aws:autoscaling:us-east-1:737457451118:autoScalingGroup:1fe336c8-1fdb-4234-87b9-abc5d460321b:autoScalingGroupName/wordpress-ec2-autoscale\"\n    },\n    {\n      \"Effect\": \"Allow\",\n      \"Action\": [\n        \"rds:DescribeDBInstances\",\n        \"rds:DescribeDBClusters\",\n        \"rds:Connect\"\n      ],\n      \"Resource\": \"arn:aws:rds:us-east-1:737457451118:db:wordpress-db\"\n    },\n    {\n      \"Effect\": \"Allow\",\n      \"Action\": \"secretsmanager:GetSecretValue\",\n      \"Resource\": \"arn:aws:secretsmanager:us-east-1:737457451118:secret:dbsss-seecret-K6xhCn\"\n    },\n    {\n      \"Effect\": \"Allow\",\n      \"Action\": [\n        \"s3:PutObject\",\n        \"s3:ListBucket\",\n        \"s3:GetObject\"\n      ],\n      \"Resource\": \"arn:aws:s3:::wordpress-state-bucket\"\n    },\n    {\n      \"Effect\": \"Allow\",\n      \"Action\": [\n        \"dynamodb:PutItem\",\n        \"dynamodb:GetItem\",\n        \"dynamodb:DescribeTable\",\n        \"dynamodb:DeleteItem\"\n      ],\n      \"Resource\": \"arn:aws:dynamodb:us-east-1:737457451118:table/wordpress-statelock-table\"\n    }\n  ]\n}",
            "minified_json": "{\"Version\":\"2012-10-17\",\"Statement\":[{\"Effect\":\"Allow\",\"Action\":[\"ec2:DetachNetworkInterface\",\"ec2:DescribeSubnets\",\"ec2:DescribeSecurityGroups\",\"ec2:DescribeNetworkInterfaces\",\"ec2:DescribeInstances\",\"ec2:DeleteNetworkInterface\",\"ec2:CreateNetworkInterface\",\"ec2:AttachNetworkInterface\"],\"Resource\":\"arn:aws:autoscaling:us-east-1:737457451118:autoScalingGroup:1fe336c8-1fdb-4234-87b9-abc5d460321b:autoScalingGroupName/wordpress-ec2-autoscale\"},{\"Effect\":\"Allow\",\"Action\":[\"rds:DescribeDBInstances\",\"rds:DescribeDBClusters\",\"rds:Connect\"],\"Resource\":\"arn:aws:rds:us-east-1:737457451118:db:wordpress-db\"},{\"Effect\":\"Allow\",\"Action\":\"secretsmanager:GetSecretValue\",\"Resource\":\"arn:aws:secretsmanager:us-east-1:737457451118:secret:dbsss-seecret-K6xhCn\"},{\"Effect\":\"Allow\",\"Action\":[\"s3:PutObject\",\"s3:ListBucket\",\"s3:GetObject\"],\"Resource\":\"arn:aws:s3:::wordpress-state-bucket\"},{\"Effect\":\"Allow\",\"Action\":[\"dynamodb:PutItem\",\"dynamodb:GetItem\",\"dynamodb:DescribeTable\",\"dynamodb:DeleteItem\"],\"Resource\":\"arn:aws:dynamodb:us-east-1:737457451118:table/wordpress-statelock-table\"}]}",
            "override_json": null,
            "override_policy_documents": null,
            "policy_id": null,
            "source_json": null,
            "source_policy_documents": null,
            "statement": [
              {
                "actions": [
                  "ec2:AttachNetworkInterface",
                  "ec2:CreateNetworkInterface",
                  "ec2:DeleteNetworkInterface",
                  "ec2:DescribeInstances",
                  "ec2:DescribeNetworkInterfaces",
                  "ec2:DescribeSecurityGroups",
                  "ec2:DescribeSubnets",
                  "ec2:DetachNetworkInterface"
                ],
                "condition": [],
                "effect": "Allow",
                "not_actions": [],
                "not_principals": [],
                "not_resources": [],
                "principals": [],
                "resources": [
                  "arn:aws:autoscaling:us-east-1:737457451118:autoScalingGroup:1fe336c8-1fdb-4234-87b9-abc5d460321b:autoScalingGroupName/wordpress-ec2-autoscale"
                ],
                "sid": ""
              },
              {
                "actions": [
                  "rds:Connect",
                  "rds:DescribeDBClusters",
                  "rds:DescribeDBInstances"
                ],
                "condition": [],
                "effect": "Allow",
                "not_actions": [],
                "not_principals": [],
                "not_resources": [],
                "principals": [],
                "resources": [
                  "arn:aws:rds:us-east-1:737457451118:db:wordpress-db"
                ],
                "sid": ""
              },
              {
                "actions": [
                  "secretsmanager:GetSecretValue"
                ],
                "condition": [],
                "effect": "Allow",
                "not_actions": [],
                "not_principals": [],
                "not_resources": [],
                "principals": [],
                "resources": [
                  "arn:aws:secretsmanager:us-east-1:737457451118:secret:dbsss-seecret-K6xhCn"
                ],
                "sid": ""
              },
              {
                "actions": [
                  "s3:GetObject",
                  "s3:ListBucket",
                  "s3:PutObject"
                ],
                "condition": [],
                "effect": "Allow",
                "not_actions": [],
                "not_principals": [],
                "not_resources": [],
                "principals": [],
                "resources": [
                  "arn:aws:s3:::wordpress-state-bucket"
                ],
                "sid": ""
              },
              {
                "actions": [
                  "dynamodb:DeleteItem",
                  "dynamodb:DescribeTable",
                  "dynamodb:GetItem",
                  "dynamodb:PutItem"
                ],
                "condition": [],
                "effect": "Allow",
                "not_actions": [],
                "not_principals": [],
                "not_resources": [],
                "principals": [],
                "resources": [
                  "arn:aws:dynamodb:us-east-1:737457451118:table/wordpress-statelock-table"
                ],
                "sid": ""
              }
            ],
            "version": "2012-10-17"
          },
          "sensitive_attributes": []
        }
      ]
    },
    {
      "module": "module.iam",
      "mode": "managed",
      "type": "aws_iam_instance_profile",
      "name": "ecs_asg_instance_profile",
      "provider": "provider[\"registry.terraform.io/hashicorp/aws\"]",
      "instances": [
        {
          "schema_version": 0,
          "attributes": {
            "arn": "arn:aws:iam::737457451118:instance-profile/ecsasgInstanceProfile",
            "create_date": "2024-07-22T12:01:57Z",
            "id": "ecsasgInstanceProfile",
            "name": "ecsasgInstanceProfile",
            "name_prefix": "",
            "path": "/",
            "role": "ecsInstanceRole",
            "tags": {},
            "tags_all": {},
            "unique_id": "AIPA2XM7DWBXEJ3ZGFRPC"
          },
          "sensitive_attributes": [],
          "private": "bnVsbA==",
          "dependencies": [
            "module.iam.aws_iam_role.ecs_instance_role",
            "module.iam.data.aws_iam_policy_document.ecs_instance_assume_role_policy"
          ],
          "create_before_destroy": true
        }
      ]
    },
    {
      "module": "module.iam",
      "mode": "managed",
      "type": "aws_iam_policy",
      "name": "ecs_task_policy",
      "provider": "provider[\"registry.terraform.io/hashicorp/aws\"]",
      "instances": [
        {
          "schema_version": 0,
          "attributes": {
            "arn": "arn:aws:iam::737457451118:policy/ecsTaskPolicy",
            "attachment_count": 1,
            "description": "",
            "id": "arn:aws:iam::737457451118:policy/ecsTaskPolicy",
            "name": "ecsTaskPolicy",
            "name_prefix": "",
            "path": "/",
            "policy": "{\"Statement\":[{\"Action\":[\"ec2:DetachNetworkInterface\",\"ec2:DescribeSubnets\",\"ec2:DescribeSecurityGroups\",\"ec2:DescribeNetworkInterfaces\",\"ec2:DescribeInstances\",\"ec2:DeleteNetworkInterface\",\"ec2:CreateNetworkInterface\",\"ec2:AttachNetworkInterface\"],\"Effect\":\"Allow\",\"Resource\":\"arn:aws:autoscaling:us-east-1:737457451118:autoScalingGroup:1fe336c8-1fdb-4234-87b9-abc5d460321b:autoScalingGroupName/wordpress-ec2-autoscale\"},{\"Action\":[\"rds:DescribeDBInstances\",\"rds:DescribeDBClusters\",\"rds:Connect\"],\"Effect\":\"Allow\",\"Resource\":\"arn:aws:rds:us-east-1:737457451118:db:wordpress-db\"},{\"Action\":\"secretsmanager:GetSecretValue\",\"Effect\":\"Allow\",\"Resource\":\"arn:aws:secretsmanager:us-east-1:737457451118:secret:dbsss-seecret-K6xhCn\"},{\"Action\":[\"s3:PutObject\",\"s3:ListBucket\",\"s3:GetObject\"],\"Effect\":\"Allow\",\"Resource\":\"arn:aws:s3:::wordpress-state-bucket\"},{\"Action\":[\"dynamodb:PutItem\",\"dynamodb:GetItem\",\"dynamodb:DescribeTable\",\"dynamodb:DeleteItem\"],\"Effect\":\"Allow\",\"Resource\":\"arn:aws:dynamodb:us-east-1:737457451118:table/wordpress-statelock-table\"}],\"Version\":\"2012-10-17\"}",
            "policy_id": "ANPA2XM7DWBXGMI3PXCB3",
            "tags": {},
            "tags_all": {}
          },
          "sensitive_attributes": [],
          "private": "bnVsbA==",
          "dependencies": [
            "aws_vpc.app_vpc",
            "module.aws_instance.aws_autoscaling_group.ec2_autoscaling_group",
            "module.aws_instance.aws_key_pair.ssh_key",
            "module.aws_instance.aws_launch_configuration.wordpress_app_launch_config",
            "module.aws_instance.data.aws_ami.latest_aws_linux_image",
            "module.backend.aws_dynamodb_table.state_lock_table",
            "module.backend.aws_s3_bucket.terraform_state_bucket",
            "module.ecs.aws_ecs_cluster.ecs_cluster",
            "module.iam.aws_iam_instance_profile.ecs_asg_instance_profile",
            "module.iam.aws_iam_role.ecs_instance_role",
            "module.iam.data.aws_iam_policy_document.ecs_instance_assume_role_policy",
            "module.iam.data.aws_iam_policy_document.ecs_task_policy",
            "module.rds.aws_db_instance.rds_db_instance",
            "module.rds.aws_db_subnet_group.main",
            "module.rds.aws_secretsmanager_secret.db_creds_secret",
            "module.rds.aws_secretsmanager_secret_version.db_creds_version",
            "module.rds.random_password.rds_password",
            "module.sg.aws_security_group.jump_server_sg",
            "module.sg.aws_security_group.rds_sg",
            "module.sg.aws_security_group.wordpressApp_alb_sg",
            "module.sg.aws_security_group.wordpressApp_sg",
            "module.subnet_module.aws_subnet.private_subnet_us_east_1a",
            "module.subnet_module.aws_subnet.private_subnet_us_east_1b"
          ]
        }
      ]
    },
    {
      "module": "module.iam",
      "mode": "managed",
      "type": "aws_iam_role",
      "name": "ecs_execution_role",
      "provider": "provider[\"registry.terraform.io/hashicorp/aws\"]",
      "instances": [
        {
          "schema_version": 0,
          "attributes": {
            "arn": "arn:aws:iam::737457451118:role/ecsExecutionRole",
            "assume_role_policy": "{\"Statement\":[{\"Action\":\"sts:AssumeRole\",\"Effect\":\"Allow\",\"Principal\":{\"Service\":\"ecs-tasks.amazonaws.com\"}}],\"Version\":\"2012-10-17\"}",
            "create_date": "2024-07-22T12:02:02Z",
            "description": "",
            "force_detach_policies": false,
            "id": "ecsExecutionRole",
            "inline_policy": [
              {
                "name": "ecs_execution_secrets_manager_access",
                "policy": "{\"Version\":\"2012-10-17\",\"Statement\":[{\"Action\":\"secretsmanager:GetSecretValue\",\"Effect\":\"Allow\",\"Resource\":\"arn:aws:secretsmanager:us-east-1:737457451118:secret:dbsss-seecret-K6xhCn\"}]}"
              }
            ],
            "managed_policy_arns": [
              "arn:aws:iam::aws:policy/service-role/AmazonECSTaskExecutionRolePolicy"
            ],
            "max_session_duration": 3600,
            "name": "ecsExecutionRole",
            "name_prefix": "",
            "path": "/",
            "permissions_boundary": "",
            "tags": {},
            "tags_all": {},
            "unique_id": "AROA2XM7DWBXG2RG3US7V"
          },
          "sensitive_attributes": [],
          "private": "bnVsbA==",
          "dependencies": [
            "module.iam.data.aws_iam_policy_document.ecs_execution_assume_role_policy",
            "module.iam.data.aws_iam_policy_document.ecs_execution_secrets_manager_access",
            "module.rds.aws_secretsmanager_secret.db_creds_secret"
          ]
        }
      ]
    },
    {
      "module": "module.iam",
      "mode": "managed",
      "type": "aws_iam_role",
      "name": "ecs_instance_role",
      "provider": "provider[\"registry.terraform.io/hashicorp/aws\"]",
      "instances": [
        {
          "schema_version": 0,
          "attributes": {
            "arn": "arn:aws:iam::737457451118:role/ecsInstanceRole",
            "assume_role_policy": "{\"Statement\":[{\"Action\":\"sts:AssumeRole\",\"Effect\":\"Allow\",\"Principal\":{\"Service\":\"ec2.amazonaws.com\"}}],\"Version\":\"2012-10-17\"}",
            "create_date": "2024-07-22T12:01:55Z",
            "description": "",
            "force_detach_policies": false,
            "id": "ecsInstanceRole",
            "inline_policy": [],
            "managed_policy_arns": [
              "arn:aws:iam::aws:policy/AmazonEC2FullAccess",
              "arn:aws:iam::aws:policy/service-role/AmazonEC2ContainerServiceforEC2Role"
            ],
            "max_session_duration": 3600,
            "name": "ecsInstanceRole",
            "name_prefix": "",
            "path": "/",
            "permissions_boundary": "",
            "tags": {},
            "tags_all": {},
            "unique_id": "AROA2XM7DWBXEA6U5ZM4U"
          },
          "sensitive_attributes": [],
          "private": "bnVsbA==",
          "dependencies": [
            "module.iam.data.aws_iam_policy_document.ecs_instance_assume_role_policy"
          ],
          "create_before_destroy": true
        }
      ]
    },
    {
      "module": "module.iam",
      "mode": "managed",
      "type": "aws_iam_role",
      "name": "ecs_service_role",
      "provider": "provider[\"registry.terraform.io/hashicorp/aws\"]",
      "instances": [
        {
          "schema_version": 0,
          "attributes": {
            "arn": "arn:aws:iam::737457451118:role/ecsServiceRole",
            "assume_role_policy": "{\"Statement\":[{\"Action\":\"sts:AssumeRole\",\"Effect\":\"Allow\",\"Principal\":{\"Service\":\"ecs.amazonaws.com\"}}],\"Version\":\"2012-10-17\"}",
            "create_date": "2024-07-22T12:01:54Z",
            "description": "",
            "force_detach_policies": false,
            "id": "ecsServiceRole",
            "inline_policy": [],
            "managed_policy_arns": [
              "arn:aws:iam::aws:policy/service-role/AmazonEC2ContainerServiceRole",
              "arn:aws:iam::aws:policy/service-role/AmazonEC2ContainerServiceforEC2Role"
            ],
            "max_session_duration": 3600,
            "name": "ecsServiceRole",
            "name_prefix": "",
            "path": "/",
            "permissions_boundary": "",
            "tags": {},
            "tags_all": {},
            "unique_id": "AROA2XM7DWBXN2OQLAJNC"
          },
          "sensitive_attributes": [],
          "private": "bnVsbA==",
          "dependencies": [
            "module.iam.data.aws_iam_policy_document.ecs_service_assume_role_policy"
          ]
        }
      ]
    },
    {
      "module": "module.iam",
      "mode": "managed",
      "type": "aws_iam_role",
      "name": "ecs_task_role",
      "provider": "provider[\"registry.terraform.io/hashicorp/aws\"]",
      "instances": [
        {
          "schema_version": 0,
          "attributes": {
            "arn": "arn:aws:iam::737457451118:role/ecsTaskRole",
            "assume_role_policy": "{\"Statement\":[{\"Action\":\"sts:AssumeRole\",\"Effect\":\"Allow\",\"Principal\":{\"Service\":\"ecs-tasks.amazonaws.com\"}}],\"Version\":\"2012-10-17\"}",
            "create_date": "2024-07-22T12:01:54Z",
            "description": "",
            "force_detach_policies": false,
            "id": "ecsTaskRole",
            "inline_policy": [],
            "managed_policy_arns": [
              "arn:aws:iam::737457451118:policy/ecsTaskPolicy"
            ],
            "max_session_duration": 3600,
            "name": "ecsTaskRole",
            "name_prefix": "",
            "path": "/",
            "permissions_boundary": "",
            "tags": {},
            "tags_all": {},
            "unique_id": "AROA2XM7DWBXDDK7PYBRK"
          },
          "sensitive_attributes": [],
          "private": "bnVsbA==",
          "dependencies": [
            "module.iam.data.aws_iam_policy_document.ecs_task_assume_role_policy"
          ]
        }
      ]
    },
    {
      "module": "module.iam",
      "mode": "managed",
      "type": "aws_iam_role_policy_attachment",
      "name": "ecs_task_policy_attachment",
      "provider": "provider[\"registry.terraform.io/hashicorp/aws\"]",
      "instances": [
        {
          "schema_version": 0,
          "attributes": {
            "id": "ecsTaskRole-2024072212064440020000000b",
            "policy_arn": "arn:aws:iam::737457451118:policy/ecsTaskPolicy",
            "role": "ecsTaskRole"
          },
          "sensitive_attributes": [],
          "private": "bnVsbA==",
          "dependencies": [
            "aws_vpc.app_vpc",
            "module.aws_instance.aws_autoscaling_group.ec2_autoscaling_group",
            "module.aws_instance.aws_key_pair.ssh_key",
            "module.aws_instance.aws_launch_configuration.wordpress_app_launch_config",
            "module.aws_instance.data.aws_ami.latest_aws_linux_image",
            "module.backend.aws_dynamodb_table.state_lock_table",
            "module.backend.aws_s3_bucket.terraform_state_bucket",
            "module.ecs.aws_ecs_cluster.ecs_cluster",
            "module.iam.aws_iam_instance_profile.ecs_asg_instance_profile",
            "module.iam.aws_iam_policy.ecs_task_policy",
            "module.iam.aws_iam_role.ecs_instance_role",
            "module.iam.aws_iam_role.ecs_task_role",
            "module.iam.data.aws_iam_policy_document.ecs_instance_assume_role_policy",
            "module.iam.data.aws_iam_policy_document.ecs_task_assume_role_policy",
            "module.iam.data.aws_iam_policy_document.ecs_task_policy",
            "module.rds.aws_db_instance.rds_db_instance",
            "module.rds.aws_db_subnet_group.main",
            "module.rds.aws_secretsmanager_secret.db_creds_secret",
            "module.rds.aws_secretsmanager_secret_version.db_creds_version",
            "module.rds.random_password.rds_password",
            "module.sg.aws_security_group.jump_server_sg",
            "module.sg.aws_security_group.rds_sg",
            "module.sg.aws_security_group.wordpressApp_alb_sg",
            "module.sg.aws_security_group.wordpressApp_sg",
            "module.subnet_module.aws_subnet.private_subnet_us_east_1a",
            "module.subnet_module.aws_subnet.private_subnet_us_east_1b"
          ]
        }
      ]
    },
    {
      "module": "module.rds",
      "mode": "managed",
      "type": "aws_db_instance",
      "name": "rds_db_instance",
      "provider": "provider[\"registry.terraform.io/hashicorp/aws\"]",
      "instances": [
        {
          "schema_version": 2,
          "attributes": {
            "address": "wordpress-db.c7ivdjt1glhx.us-east-1.rds.amazonaws.com",
            "allocated_storage": 10,
            "allow_major_version_upgrade": null,
            "apply_immediately": false,
            "arn": "arn:aws:rds:us-east-1:737457451118:db:wordpress-db",
            "auto_minor_version_upgrade": true,
            "availability_zone": "us-east-1b",
            "backup_retention_period": 0,
            "backup_target": "region",
            "backup_window": "06:28-06:58",
            "blue_green_update": [],
            "ca_cert_identifier": "rds-ca-rsa2048-g1",
            "character_set_name": "",
            "copy_tags_to_snapshot": false,
            "custom_iam_instance_profile": "",
            "customer_owned_ip_enabled": false,
            "db_name": "wordpressdb",
            "db_subnet_group_name": "main",
            "dedicated_log_volume": false,
            "delete_automated_backups": true,
            "deletion_protection": false,
            "domain": "",
            "domain_auth_secret_arn": "",
            "domain_dns_ips": [],
            "domain_fqdn": "",
            "domain_iam_role_name": "",
            "domain_ou": "",
            "enabled_cloudwatch_logs_exports": [],
            "endpoint": "wordpress-db.c7ivdjt1glhx.us-east-1.rds.amazonaws.com:3306",
            "engine": "mysql",
            "engine_lifecycle_support": "open-source-rds-extended-support",
            "engine_version": "8.0.35",
            "engine_version_actual": "8.0.35",
            "final_snapshot_identifier": "wordpress-snapshot-20060102150405",
            "hosted_zone_id": "Z2R2ITUGPM61AM",
            "iam_database_authentication_enabled": false,
            "id": "db-UCW35DT2JJMGM36FQJC7VWQOWQ",
            "identifier": "wordpress-db",
            "identifier_prefix": "",
            "instance_class": "db.t3.micro",
            "iops": 0,
            "kms_key_id": "",
            "latest_restorable_time": "",
            "license_model": "general-public-license",
            "listener_endpoint": [],
            "maintenance_window": "thu:09:26-thu:09:56",
            "manage_master_user_password": null,
            "master_user_secret": [],
            "master_user_secret_kms_key_id": null,
            "max_allocated_storage": 0,
            "monitoring_interval": 0,
            "monitoring_role_arn": "",
            "multi_az": false,
            "nchar_character_set_name": "",
            "network_type": "IPV4",
            "option_group_name": "default:mysql-8-0",
            "parameter_group_name": "default.mysql8.0",
            "password": "KB1ncAXz3KVuszTw",
            "performance_insights_enabled": false,
            "performance_insights_kms_key_id": "",
            "performance_insights_retention_period": 0,
            "port": 3306,
            "publicly_accessible": false,
            "replica_mode": "",
            "replicas": [],
            "replicate_source_db": "",
            "resource_id": "db-UCW35DT2JJMGM36FQJC7VWQOWQ",
            "restore_to_point_in_time": [],
            "s3_import": [],
            "skip_final_snapshot": true,
            "snapshot_identifier": null,
            "status": "available",
            "storage_encrypted": false,
            "storage_throughput": 0,
            "storage_type": "gp2",
            "tags": {
              "Name": "wordpress-app-db",
              "app": "wordpress",
              "created-by": "Bushra Fatima",
              "environment": "XLDP-dev",
              "owner": "Bushra Fatima",
              "project": "S217-XLDP",
              "team": "Firebirds"
            },
            "tags_all": {
              "Name": "wordpress-app-db",
              "app": "wordpress",
              "created-by": "Bushra Fatima",
              "environment": "XLDP-dev",
              "owner": "Bushra Fatima",
              "project": "S217-XLDP",
              "team": "Firebirds"
            },
            "timeouts": null,
            "timezone": "",
            "username": "admin",
            "vpc_security_group_ids": [
              "sg-0f61bf8b8bf71d4fe"
            ]
          },
          "sensitive_attributes": [
            [
              {
                "type": "get_attr",
                "value": "password"
              }
            ]
          ],
          "private": "eyJlMmJmYjczMC1lY2FhLTExZTYtOGY4OC0zNDM2M2JjN2M0YzAiOnsiY3JlYXRlIjoyNDAwMDAwMDAwMDAwLCJkZWxldGUiOjM2MDAwMDAwMDAwMDAsInVwZGF0ZSI6NDgwMDAwMDAwMDAwMH0sInNjaGVtYV92ZXJzaW9uIjoiMiJ9",
          "dependencies": [
            "aws_vpc.app_vpc",
            "module.rds.aws_db_subnet_group.main",
            "module.rds.aws_secretsmanager_secret.db_creds_secret",
            "module.rds.aws_secretsmanager_secret_version.db_creds_version",
            "module.rds.random_password.rds_password",
            "module.sg.aws_security_group.jump_server_sg",
            "module.sg.aws_security_group.rds_sg",
            "module.sg.aws_security_group.wordpressApp_alb_sg",
            "module.sg.aws_security_group.wordpressApp_sg",
            "module.subnet_module.aws_subnet.private_subnet_us_east_1a",
            "module.subnet_module.aws_subnet.private_subnet_us_east_1b"
          ]
        }
      ]
    },
    {
      "module": "module.rds",
      "mode": "managed",
      "type": "aws_db_subnet_group",
      "name": "main",
      "provider": "provider[\"registry.terraform.io/hashicorp/aws\"]",
      "instances": [
        {
          "schema_version": 0,
          "attributes": {
            "arn": "arn:aws:rds:us-east-1:737457451118:subgrp:main",
            "description": "Managed by Terraform",
            "id": "main",
            "name": "main",
            "name_prefix": "",
            "subnet_ids": [
              "subnet-026c33d601c5ba4dc",
              "subnet-0932f448536ef1ca9"
            ],
            "supported_network_types": [
              "IPV4"
            ],
            "tags": {
              "Name": "wordpress-app-subnet-group",
              "app": "wordpress",
              "created-by": "Bushra Fatima",
              "environment": "XLDP-dev",
              "owner": "Bushra Fatima",
              "project": "S217-XLDP",
              "team": "Firebirds"
            },
            "tags_all": {
              "Name": "wordpress-app-subnet-group",
              "app": "wordpress",
              "created-by": "Bushra Fatima",
              "environment": "XLDP-dev",
              "owner": "Bushra Fatima",
              "project": "S217-XLDP",
              "team": "Firebirds"
            },
            "vpc_id": "vpc-004e37d5b6359d560"
          },
          "sensitive_attributes": [],
          "private": "bnVsbA==",
          "dependencies": [
            "aws_vpc.app_vpc",
            "module.subnet_module.aws_subnet.private_subnet_us_east_1a",
            "module.subnet_module.aws_subnet.private_subnet_us_east_1b"
          ]
        }
      ]
    },
    {
      "module": "module.rds",
      "mode": "managed",
      "type": "aws_secretsmanager_secret",
      "name": "db_creds_secret",
      "provider": "provider[\"registry.terraform.io/hashicorp/aws\"]",
      "instances": [
        {
          "schema_version": 0,
          "attributes": {
            "arn": "arn:aws:secretsmanager:us-east-1:737457451118:secret:dbsss-seecret-K6xhCn",
            "description": "",
            "force_overwrite_replica_secret": false,
            "id": "arn:aws:secretsmanager:us-east-1:737457451118:secret:dbsss-seecret-K6xhCn",
            "kms_key_id": "",
            "name": "dbsss-seecret",
            "name_prefix": "",
            "policy": "",
            "recovery_window_in_days": 30,
            "replica": [],
            "tags": {
              "Name": "wordpress-app-db-secret",
              "app": "wordpress",
              "created-by": "Bushra Fatima",
              "environment": "XLDP-dev",
              "owner": "Bushra Fatima",
              "project": "S217-XLDP",
              "team": "Firebirds"
            },
            "tags_all": {
              "Name": "wordpress-app-db-secret",
              "app": "wordpress",
              "created-by": "Bushra Fatima",
              "environment": "XLDP-dev",
              "owner": "Bushra Fatima",
              "project": "S217-XLDP",
              "team": "Firebirds"
            }
          },
          "sensitive_attributes": [],
          "private": "bnVsbA=="
        }
      ]
    },
    {
      "module": "module.rds",
      "mode": "managed",
      "type": "aws_secretsmanager_secret_version",
      "name": "db_creds_version",
      "provider": "provider[\"registry.terraform.io/hashicorp/aws\"]",
      "instances": [
        {
          "schema_version": 0,
          "attributes": {
            "arn": "arn:aws:secretsmanager:us-east-1:737457451118:secret:dbsss-seecret-K6xhCn",
            "id": "arn:aws:secretsmanager:us-east-1:737457451118:secret:dbsss-seecret-K6xhCn|terraform-20240722120159712600000005",
            "secret_binary": "",
            "secret_id": "arn:aws:secretsmanager:us-east-1:737457451118:secret:dbsss-seecret-K6xhCn",
            "secret_string": "KB1ncAXz3KVuszTw",
            "version_id": "terraform-20240722120159712600000005",
            "version_stages": [
              "AWSCURRENT"
            ]
          },
          "sensitive_attributes": [
            [
              {
                "type": "get_attr",
                "value": "secret_string"
              }
            ],
            [
              {
                "type": "get_attr",
                "value": "secret_binary"
              }
            ]
          ],
          "private": "bnVsbA==",
          "dependencies": [
            "module.rds.aws_secretsmanager_secret.db_creds_secret",
            "module.rds.random_password.rds_password"
          ]
        }
      ]
    },
    {
      "module": "module.rds",
      "mode": "managed",
      "type": "random_password",
      "name": "rds_password",
      "provider": "provider[\"registry.terraform.io/hashicorp/random\"]",
      "instances": [
        {
          "schema_version": 3,
          "attributes": {
            "bcrypt_hash": "$2a$10$WZ/dAl4ZthIdXYmFsfsqD..jDZozM.keGIUwzb9Trj2CNR8D1erhC",
            "id": "none",
            "keepers": null,
            "length": 16,
            "lower": true,
            "min_lower": 0,
            "min_numeric": 0,
            "min_special": 0,
            "min_upper": 0,
            "number": true,
            "numeric": true,
            "override_special": "_!%^",
            "result": "KB1ncAXz3KVuszTw",
            "special": true,
            "upper": true
          },
          "sensitive_attributes": [
            [
              {
                "type": "get_attr",
                "value": "result"
              }
            ],
            [
              {
                "type": "get_attr",
                "value": "bcrypt_hash"
              }
            ]
          ]
        }
      ]
    },
    {
      "module": "module.route_53",
      "mode": "data",
      "type": "aws_route53_zone",
      "name": "wp_route53_zone",
      "provider": "provider[\"registry.terraform.io/hashicorp/aws\"]",
      "instances": [
        {
          "schema_version": 0,
          "attributes": {
            "arn": "arn:aws:route53:::hostedzone/Z04915193OVBRMG8HX327",
            "caller_reference": "5666ab10-7149-427b-8906-d27923feaa9d",
            "comment": "Hosted Zone for XLDP",
            "id": "Z04915193OVBRMG8HX327",
            "linked_service_description": null,
            "linked_service_principal": null,
            "name": "xldp.xgrid.co",
            "name_servers": [
              "ns-1505.awsdns-60.org",
              "ns-482.awsdns-60.com",
              "ns-1858.awsdns-40.co.uk",
              "ns-932.awsdns-52.net"
            ],
            "primary_name_server": "ns-1505.awsdns-60.org",
            "private_zone": false,
            "resource_record_set_count": 19,
            "tags": {
              "created-by": "Console",
              "owner": "mfaheem@xgrid.co"
            },
            "vpc_id": null,
            "zone_id": "Z04915193OVBRMG8HX327"
          },
          "sensitive_attributes": []
        }
      ]
    },
    {
      "module": "module.route_53",
      "mode": "managed",
      "type": "aws_route53_record",
      "name": "alb_reecord",
      "provider": "provider[\"registry.terraform.io/hashicorp/aws\"]",
      "instances": [
        {
          "schema_version": 2,
          "attributes": {
            "alias": [
              {
                "evaluate_target_health": true,
                "name": "wordppres-lb-1948540389.us-east-1.elb.amazonaws.com",
                "zone_id": "Z35SXDOTRQ7X7K"
              }
            ],
            "allow_overwrite": null,
            "cidr_routing_policy": [],
            "failover_routing_policy": [],
            "fqdn": "fatima-wordpress.xldp.xgrid.co",
            "geolocation_routing_policy": [],
            "geoproximity_routing_policy": [],
            "health_check_id": "",
            "id": "Z04915193OVBRMG8HX327_fatima-wordpress_A",
            "latency_routing_policy": [],
            "multivalue_answer_routing_policy": false,
            "name": "fatima-wordpress",
            "records": [],
            "set_identifier": "",
            "ttl": 0,
            "type": "A",
            "weighted_routing_policy": [],
            "zone_id": "Z04915193OVBRMG8HX327"
          },
          "sensitive_attributes": [],
          "private": "eyJzY2hlbWFfdmVyc2lvbiI6IjIifQ==",
          "dependencies": [
            "aws_vpc.app_vpc",
            "module.alb.aws_lb.wordpres_lb",
            "module.route_53.data.aws_route53_zone.wp_route53_zone",
            "module.sg.aws_security_group.wordpressApp_alb_sg",
            "module.subnet_module.aws_subnet.public_subnet_us_east_1a",
            "module.subnet_module.aws_subnet.public_subnet_us_east_1b"
          ]
        }
      ]
    },
    {
      "module": "module.sg",
      "mode": "managed",
      "type": "aws_security_group",
      "name": "jump_server_sg",
      "provider": "provider[\"registry.terraform.io/hashicorp/aws\"]",
      "instances": [
        {
          "schema_version": 1,
          "attributes": {
            "arn": "arn:aws:ec2:us-east-1:737457451118:security-group/sg-024f4787680c892f7",
            "description": "Managed by Terraform",
            "egress": [
              {
                "cidr_blocks": [
                  "0.0.0.0/0"
                ],
                "description": "",
                "from_port": 0,
                "ipv6_cidr_blocks": [],
                "prefix_list_ids": [],
                "protocol": "-1",
                "security_groups": [],
                "self": false,
                "to_port": 0
              }
            ],
            "id": "sg-024f4787680c892f7",
            "ingress": [
              {
                "cidr_blocks": [
                  "0.0.0.0/0"
                ],
                "description": "",
                "from_port": 22,
                "ipv6_cidr_blocks": [],
                "prefix_list_ids": [],
                "protocol": "tcp",
                "security_groups": [],
                "self": false,
                "to_port": 22
              }
            ],
            "name": "terraform-20240722120159588200000004",
            "name_prefix": "terraform-",
            "owner_id": "737457451118",
            "revoke_rules_on_delete": false,
            "tags": {
              "Name": "wordpress-app-jump-server",
              "app": "wordpress",
              "created-by": "Bushra Fatima",
              "environment": "XLDP-dev",
              "owner": "Bushra Fatima",
              "project": "S217-XLDP",
              "team": "Firebirds"
            },
            "tags_all": {
              "Name": "wordpress-app-jump-server",
              "app": "wordpress",
              "created-by": "Bushra Fatima",
              "environment": "XLDP-dev",
              "owner": "Bushra Fatima",
              "project": "S217-XLDP",
              "team": "Firebirds"
            },
            "timeouts": null,
            "vpc_id": "vpc-004e37d5b6359d560"
          },
          "sensitive_attributes": [],
          "private": "eyJlMmJmYjczMC1lY2FhLTExZTYtOGY4OC0zNDM2M2JjN2M0YzAiOnsiY3JlYXRlIjo2MDAwMDAwMDAwMDAsImRlbGV0ZSI6OTAwMDAwMDAwMDAwfSwic2NoZW1hX3ZlcnNpb24iOiIxIn0=",
          "dependencies": [
            "aws_vpc.app_vpc"
          ],
          "create_before_destroy": true
        }
      ]
    },
    {
      "module": "module.sg",
      "mode": "managed",
      "type": "aws_security_group",
      "name": "rds_sg",
      "provider": "provider[\"registry.terraform.io/hashicorp/aws\"]",
      "instances": [
        {
          "schema_version": 1,
          "attributes": {
            "arn": "arn:aws:ec2:us-east-1:737457451118:security-group/sg-0f61bf8b8bf71d4fe",
            "description": "Managed by Terraform",
            "egress": [
              {
                "cidr_blocks": [
                  "0.0.0.0/0"
                ],
                "description": "",
                "from_port": 0,
                "ipv6_cidr_blocks": [],
                "prefix_list_ids": [],
                "protocol": "-1",
                "security_groups": [],
                "self": false,
                "to_port": 0
              }
            ],
            "id": "sg-0f61bf8b8bf71d4fe",
            "ingress": [
              {
                "cidr_blocks": [],
                "description": "",
                "from_port": 3306,
                "ipv6_cidr_blocks": [],
                "prefix_list_ids": [],
                "protocol": "tcp",
                "security_groups": [
                  "sg-0483fe0487800896e"
                ],
                "self": false,
                "to_port": 3306
              }
            ],
            "name": "wordpress-rds-sg",
            "name_prefix": "",
            "owner_id": "737457451118",
            "revoke_rules_on_delete": false,
            "tags": {
              "Name": "wordpress-app-rds-sg",
              "app": "wordpress",
              "created-by": "Bushra Fatima",
              "environment": "XLDP-dev",
              "owner": "Bushra Fatima",
              "project": "S217-XLDP",
              "team": "Firebirds"
            },
            "tags_all": {
              "Name": "wordpress-app-rds-sg",
              "app": "wordpress",
              "created-by": "Bushra Fatima",
              "environment": "XLDP-dev",
              "owner": "Bushra Fatima",
              "project": "S217-XLDP",
              "team": "Firebirds"
            },
            "timeouts": null,
            "vpc_id": "vpc-004e37d5b6359d560"
          },
          "sensitive_attributes": [],
          "private": "eyJlMmJmYjczMC1lY2FhLTExZTYtOGY4OC0zNDM2M2JjN2M0YzAiOnsiY3JlYXRlIjo2MDAwMDAwMDAwMDAsImRlbGV0ZSI6OTAwMDAwMDAwMDAwfSwic2NoZW1hX3ZlcnNpb24iOiIxIn0=",
          "dependencies": [
            "aws_vpc.app_vpc",
            "module.sg.aws_security_group.jump_server_sg",
            "module.sg.aws_security_group.wordpressApp_alb_sg",
            "module.sg.aws_security_group.wordpressApp_sg"
          ]
        }
      ]
    },
    {
      "module": "module.sg",
      "mode": "managed",
      "type": "aws_security_group",
      "name": "wordpressApp_alb_sg",
      "provider": "provider[\"registry.terraform.io/hashicorp/aws\"]",
      "instances": [
        {
          "schema_version": 1,
          "attributes": {
            "arn": "arn:aws:ec2:us-east-1:737457451118:security-group/sg-029826e6707a5665f",
            "description": "Managed by Terraform",
            "egress": [
              {
                "cidr_blocks": [
                  "0.0.0.0/0"
                ],
                "description": "",
                "from_port": 0,
                "ipv6_cidr_blocks": [],
                "prefix_list_ids": [],
                "protocol": "-1",
                "security_groups": [],
                "self": false,
                "to_port": 0
              }
            ],
            "id": "sg-029826e6707a5665f",
            "ingress": [
              {
                "cidr_blocks": [
                  "0.0.0.0/0"
                ],
                "description": "",
                "from_port": 443,
                "ipv6_cidr_blocks": [],
                "prefix_list_ids": [],
                "protocol": "tcp",
                "security_groups": [],
                "self": false,
                "to_port": 443
              },
              {
                "cidr_blocks": [
                  "0.0.0.0/0"
                ],
                "description": "",
                "from_port": 80,
                "ipv6_cidr_blocks": [],
                "prefix_list_ids": [],
                "protocol": "tcp",
                "security_groups": [],
                "self": false,
                "to_port": 80
              }
            ],
            "name": "terraform-20240722120158303700000003",
            "name_prefix": "terraform-",
            "owner_id": "737457451118",
            "revoke_rules_on_delete": false,
            "tags": {
              "Name": "wordpress-app-alb-sg",
              "app": "wordpress",
              "created-by": "Bushra Fatima",
              "environment": "XLDP-dev",
              "owner": "Bushra Fatima",
              "project": "S217-XLDP",
              "team": "Firebirds"
            },
            "tags_all": {
              "Name": "wordpress-app-alb-sg",
              "app": "wordpress",
              "created-by": "Bushra Fatima",
              "environment": "XLDP-dev",
              "owner": "Bushra Fatima",
              "project": "S217-XLDP",
              "team": "Firebirds"
            },
            "timeouts": null,
            "vpc_id": "vpc-004e37d5b6359d560"
          },
          "sensitive_attributes": [],
          "private": "eyJlMmJmYjczMC1lY2FhLTExZTYtOGY4OC0zNDM2M2JjN2M0YzAiOnsiY3JlYXRlIjo2MDAwMDAwMDAwMDAsImRlbGV0ZSI6OTAwMDAwMDAwMDAwfSwic2NoZW1hX3ZlcnNpb24iOiIxIn0=",
          "dependencies": [
            "aws_vpc.app_vpc"
          ],
          "create_before_destroy": true
        }
      ]
    },
    {
      "module": "module.sg",
      "mode": "managed",
      "type": "aws_security_group",
      "name": "wordpressApp_sg",
      "provider": "provider[\"registry.terraform.io/hashicorp/aws\"]",
      "instances": [
        {
          "schema_version": 1,
          "attributes": {
            "arn": "arn:aws:ec2:us-east-1:737457451118:security-group/sg-0483fe0487800896e",
            "description": "Managed by Terraform",
            "egress": [
              {
                "cidr_blocks": [
                  "0.0.0.0/0"
                ],
                "description": "",
                "from_port": 0,
                "ipv6_cidr_blocks": [],
                "prefix_list_ids": [],
                "protocol": "-1",
                "security_groups": [],
                "self": false,
                "to_port": 0
              }
            ],
            "id": "sg-0483fe0487800896e",
            "ingress": [
              {
                "cidr_blocks": [],
                "description": "",
                "from_port": 22,
                "ipv6_cidr_blocks": [],
                "prefix_list_ids": [],
                "protocol": "tcp",
                "security_groups": [
                  "sg-024f4787680c892f7"
                ],
                "self": false,
                "to_port": 22
              },
              {
                "cidr_blocks": [],
                "description": "",
                "from_port": 32768,
                "ipv6_cidr_blocks": [],
                "prefix_list_ids": [],
                "protocol": "tcp",
                "security_groups": [
                  "sg-029826e6707a5665f"
                ],
                "self": false,
                "to_port": 61000
              },
              {
                "cidr_blocks": [],
                "description": "",
                "from_port": 443,
                "ipv6_cidr_blocks": [],
                "prefix_list_ids": [],
                "protocol": "tcp",
                "security_groups": [
                  "sg-029826e6707a5665f"
                ],
                "self": false,
                "to_port": 443
              },
              {
                "cidr_blocks": [],
                "description": "",
                "from_port": 80,
                "ipv6_cidr_blocks": [],
                "prefix_list_ids": [],
                "protocol": "tcp",
                "security_groups": [
                  "sg-029826e6707a5665f"
                ],
                "self": false,
                "to_port": 80
              }
            ],
            "name": "terraform-20240722120203572800000007",
            "name_prefix": "terraform-",
            "owner_id": "737457451118",
            "revoke_rules_on_delete": false,
            "tags": {
              "Name": "wordpress-app-asg-sg",
              "app": "wordpress",
              "created-by": "Bushra Fatima",
              "environment": "XLDP-dev",
              "owner": "Bushra Fatima",
              "project": "S217-XLDP",
              "team": "Firebirds"
            },
            "tags_all": {
              "Name": "wordpress-app-asg-sg",
              "app": "wordpress",
              "created-by": "Bushra Fatima",
              "environment": "XLDP-dev",
              "owner": "Bushra Fatima",
              "project": "S217-XLDP",
              "team": "Firebirds"
            },
            "timeouts": null,
            "vpc_id": "vpc-004e37d5b6359d560"
          },
          "sensitive_attributes": [],
          "private": "eyJlMmJmYjczMC1lY2FhLTExZTYtOGY4OC0zNDM2M2JjN2M0YzAiOnsiY3JlYXRlIjo2MDAwMDAwMDAwMDAsImRlbGV0ZSI6OTAwMDAwMDAwMDAwfSwic2NoZW1hX3ZlcnNpb24iOiIxIn0=",
          "dependencies": [
            "aws_vpc.app_vpc",
            "module.sg.aws_security_group.jump_server_sg",
            "module.sg.aws_security_group.wordpressApp_alb_sg"
          ],
          "create_before_destroy": true
        }
      ]
    },
    {
      "module": "module.subnet_module",
      "mode": "managed",
      "type": "aws_eip",
      "name": "nat_eip",
      "provider": "provider[\"registry.terraform.io/hashicorp/aws\"]",
      "instances": [
        {
          "schema_version": 0,
          "attributes": {
            "address": null,
            "allocation_id": "eipalloc-09271654109e0cdcc",
            "arn": "arn:aws:ec2:us-east-1:737457451118:elastic-ip/eipalloc-09271654109e0cdcc",
            "associate_with_private_ip": null,
            "association_id": "eipassoc-0e05e528fabe791c9",
            "carrier_ip": "",
            "customer_owned_ip": "",
            "customer_owned_ipv4_pool": "",
            "domain": "vpc",
            "id": "eipalloc-09271654109e0cdcc",
            "instance": "",
            "network_border_group": "us-east-1",
            "network_interface": "eni-0a0a6350d0a24a8b5",
            "private_dns": "ip-10-0-1-71.ec2.internal",
            "private_ip": "10.0.1.71",
            "ptr_record": "",
            "public_dns": "ec2-44-195-53-54.compute-1.amazonaws.com",
            "public_ip": "44.195.53.54",
            "public_ipv4_pool": "amazon",
            "tags": {
              "Name": "wordpress-app-eip-1a",
              "app": "wordpress",
              "created-by": "Bushra Fatima",
              "environment": "XLDP-dev",
              "owner": "Bushra Fatima",
              "project": "S217-XLDP",
              "team": "Firebirds"
            },
            "tags_all": {
              "Name": "wordpress-app-eip-1a",
              "app": "wordpress",
              "created-by": "Bushra Fatima",
              "environment": "XLDP-dev",
              "owner": "Bushra Fatima",
              "project": "S217-XLDP",
              "team": "Firebirds"
            },
            "timeouts": null,
            "vpc": true
          },
          "sensitive_attributes": [],
          "private": "eyJlMmJmYjczMC1lY2FhLTExZTYtOGY4OC0zNDM2M2JjN2M0YzAiOnsiZGVsZXRlIjoxODAwMDAwMDAwMDAsInJlYWQiOjkwMDAwMDAwMDAwMCwidXBkYXRlIjozMDAwMDAwMDAwMDB9fQ=="
        }
      ]
    },
    {
      "module": "module.subnet_module",
      "mode": "managed",
      "type": "aws_internet_gateway",
      "name": "app_igw",
      "provider": "provider[\"registry.terraform.io/hashicorp/aws\"]",
      "instances": [
        {
          "schema_version": 0,
          "attributes": {
            "arn": "arn:aws:ec2:us-east-1:737457451118:internet-gateway/igw-057da74e68cb4233c",
            "id": "igw-057da74e68cb4233c",
            "owner_id": "737457451118",
            "tags": {
              "Name": "wordpress-app-igw",
              "app": "wordpress",
              "created-by": "Bushra Fatima",
              "environment": "XLDP-dev",
              "owner": "Bushra Fatima",
              "project": "S217-XLDP",
              "team": "Firebirds"
            },
            "tags_all": {
              "Name": "wordpress-app-igw",
              "app": "wordpress",
              "created-by": "Bushra Fatima",
              "environment": "XLDP-dev",
              "owner": "Bushra Fatima",
              "project": "S217-XLDP",
              "team": "Firebirds"
            },
            "timeouts": null,
            "vpc_id": "vpc-004e37d5b6359d560"
          },
          "sensitive_attributes": [],
          "private": "eyJlMmJmYjczMC1lY2FhLTExZTYtOGY4OC0zNDM2M2JjN2M0YzAiOnsiY3JlYXRlIjoxMjAwMDAwMDAwMDAwLCJkZWxldGUiOjEyMDAwMDAwMDAwMDAsInVwZGF0ZSI6MTIwMDAwMDAwMDAwMH19",
          "dependencies": [
            "aws_vpc.app_vpc"
          ]
        }
      ]
    },
    {
      "module": "module.subnet_module",
      "mode": "managed",
      "type": "aws_nat_gateway",
      "name": "app_nat_gateway",
      "provider": "provider[\"registry.terraform.io/hashicorp/aws\"]",
      "instances": [
        {
          "schema_version": 0,
          "attributes": {
            "allocation_id": "eipalloc-09271654109e0cdcc",
            "association_id": "eipassoc-0e05e528fabe791c9",
            "connectivity_type": "public",
            "id": "nat-09139f8633b7a0e53",
            "network_interface_id": "eni-0a0a6350d0a24a8b5",
            "private_ip": "10.0.1.71",
            "public_ip": "44.195.53.54",
            "secondary_allocation_ids": [],
            "secondary_private_ip_address_count": 0,
            "secondary_private_ip_addresses": [],
            "subnet_id": "subnet-08b92f5b7e11885f4",
            "tags": {
              "Name": "wordpress-app-nat-gateway",
              "app": "wordpress",
              "created-by": "Bushra Fatima",
              "environment": "XLDP-dev",
              "owner": "Bushra Fatima",
              "project": "S217-XLDP",
              "team": "Firebirds"
            },
            "tags_all": {
              "Name": "wordpress-app-nat-gateway",
              "app": "wordpress",
              "created-by": "Bushra Fatima",
              "environment": "XLDP-dev",
              "owner": "Bushra Fatima",
              "project": "S217-XLDP",
              "team": "Firebirds"
            },
            "timeouts": null
          },
          "sensitive_attributes": [],
          "private": "eyJlMmJmYjczMC1lY2FhLTExZTYtOGY4OC0zNDM2M2JjN2M0YzAiOnsiY3JlYXRlIjo2MDAwMDAwMDAwMDAsImRlbGV0ZSI6MTgwMDAwMDAwMDAwMCwidXBkYXRlIjo2MDAwMDAwMDAwMDB9fQ==",
          "dependencies": [
            "aws_vpc.app_vpc",
            "module.subnet_module.aws_eip.nat_eip",
            "module.subnet_module.aws_subnet.public_subnet_us_east_1a"
          ]
        }
      ]
    },
    {
      "module": "module.subnet_module",
      "mode": "managed",
      "type": "aws_route_table",
      "name": "private_route_table",
      "provider": "provider[\"registry.terraform.io/hashicorp/aws\"]",
      "instances": [
        {
          "schema_version": 0,
          "attributes": {
            "arn": "arn:aws:ec2:us-east-1:737457451118:route-table/rtb-02b553934bfa79235",
            "id": "rtb-02b553934bfa79235",
            "owner_id": "737457451118",
            "propagating_vgws": [],
            "route": [
              {
                "carrier_gateway_id": "",
                "cidr_block": "0.0.0.0/0",
                "core_network_arn": "",
                "destination_prefix_list_id": "",
                "egress_only_gateway_id": "",
                "gateway_id": "",
                "ipv6_cidr_block": "",
                "local_gateway_id": "",
                "nat_gateway_id": "nat-09139f8633b7a0e53",
                "network_interface_id": "",
                "transit_gateway_id": "",
                "vpc_endpoint_id": "",
                "vpc_peering_connection_id": ""
              }
            ],
            "tags": {
              "Name": "wordpress-app-private-route-table",
              "app": "wordpress",
              "created-by": "Bushra Fatima",
              "environment": "XLDP-dev",
              "owner": "Bushra Fatima",
              "project": "S217-XLDP",
              "team": "Firebirds"
            },
            "tags_all": {
              "Name": "wordpress-app-private-route-table",
              "app": "wordpress",
              "created-by": "Bushra Fatima",
              "environment": "XLDP-dev",
              "owner": "Bushra Fatima",
              "project": "S217-XLDP",
              "team": "Firebirds"
            },
            "timeouts": null,
            "vpc_id": "vpc-004e37d5b6359d560"
          },
          "sensitive_attributes": [],
          "private": "eyJlMmJmYjczMC1lY2FhLTExZTYtOGY4OC0zNDM2M2JjN2M0YzAiOnsiY3JlYXRlIjozMDAwMDAwMDAwMDAsImRlbGV0ZSI6MzAwMDAwMDAwMDAwLCJ1cGRhdGUiOjEyMDAwMDAwMDAwMH19",
          "dependencies": [
            "aws_vpc.app_vpc",
            "module.subnet_module.aws_eip.nat_eip",
            "module.subnet_module.aws_nat_gateway.app_nat_gateway",
            "module.subnet_module.aws_subnet.public_subnet_us_east_1a"
          ]
        }
      ]
    },
    {
      "module": "module.subnet_module",
      "mode": "managed",
      "type": "aws_route_table",
      "name": "public_route_table",
      "provider": "provider[\"registry.terraform.io/hashicorp/aws\"]",
      "instances": [
        {
          "schema_version": 0,
          "attributes": {
            "arn": "arn:aws:ec2:us-east-1:737457451118:route-table/rtb-04ea3528634a91627",
            "id": "rtb-04ea3528634a91627",
            "owner_id": "737457451118",
            "propagating_vgws": [],
            "route": [
              {
                "carrier_gateway_id": "",
                "cidr_block": "0.0.0.0/0",
                "core_network_arn": "",
                "destination_prefix_list_id": "",
                "egress_only_gateway_id": "",
                "gateway_id": "igw-057da74e68cb4233c",
                "ipv6_cidr_block": "",
                "local_gateway_id": "",
                "nat_gateway_id": "",
                "network_interface_id": "",
                "transit_gateway_id": "",
                "vpc_endpoint_id": "",
                "vpc_peering_connection_id": ""
              }
            ],
            "tags": {
              "Name": "wordpress-app-public-route-table",
              "app": "wordpress",
              "created-by": "Bushra Fatima",
              "environment": "XLDP-dev",
              "owner": "Bushra Fatima",
              "project": "S217-XLDP",
              "team": "Firebirds"
            },
            "tags_all": {
              "Name": "wordpress-app-public-route-table",
              "app": "wordpress",
              "created-by": "Bushra Fatima",
              "environment": "XLDP-dev",
              "owner": "Bushra Fatima",
              "project": "S217-XLDP",
              "team": "Firebirds"
            },
            "timeouts": null,
            "vpc_id": "vpc-004e37d5b6359d560"
          },
          "sensitive_attributes": [],
          "private": "eyJlMmJmYjczMC1lY2FhLTExZTYtOGY4OC0zNDM2M2JjN2M0YzAiOnsiY3JlYXRlIjozMDAwMDAwMDAwMDAsImRlbGV0ZSI6MzAwMDAwMDAwMDAwLCJ1cGRhdGUiOjEyMDAwMDAwMDAwMH19",
          "dependencies": [
            "aws_vpc.app_vpc",
            "module.subnet_module.aws_internet_gateway.app_igw"
          ]
        }
      ]
    },
    {
      "module": "module.subnet_module",
      "mode": "managed",
      "type": "aws_route_table_association",
      "name": "private_subnet_association_us_east_1a",
      "provider": "provider[\"registry.terraform.io/hashicorp/aws\"]",
      "instances": [
        {
          "schema_version": 0,
          "attributes": {
            "gateway_id": "",
            "id": "rtbassoc-0ff1ef9b8420481a8",
            "route_table_id": "rtb-02b553934bfa79235",
            "subnet_id": "subnet-026c33d601c5ba4dc",
            "timeouts": null
          },
          "sensitive_attributes": [],
          "private": "eyJlMmJmYjczMC1lY2FhLTExZTYtOGY4OC0zNDM2M2JjN2M0YzAiOnsiY3JlYXRlIjozMDAwMDAwMDAwMDAsImRlbGV0ZSI6MzAwMDAwMDAwMDAwLCJ1cGRhdGUiOjEyMDAwMDAwMDAwMH19",
          "dependencies": [
            "aws_vpc.app_vpc",
            "module.subnet_module.aws_eip.nat_eip",
            "module.subnet_module.aws_nat_gateway.app_nat_gateway",
            "module.subnet_module.aws_route_table.private_route_table",
            "module.subnet_module.aws_subnet.private_subnet_us_east_1a",
            "module.subnet_module.aws_subnet.public_subnet_us_east_1a"
          ]
        }
      ]
    },
    {
      "module": "module.subnet_module",
      "mode": "managed",
      "type": "aws_route_table_association",
      "name": "private_subnet_association_us_east_1b",
      "provider": "provider[\"registry.terraform.io/hashicorp/aws\"]",
      "instances": [
        {
          "schema_version": 0,
          "attributes": {
            "gateway_id": "",
            "id": "rtbassoc-0f79fe6239377603c",
            "route_table_id": "rtb-02b553934bfa79235",
            "subnet_id": "subnet-0932f448536ef1ca9",
            "timeouts": null
          },
          "sensitive_attributes": [],
          "private": "eyJlMmJmYjczMC1lY2FhLTExZTYtOGY4OC0zNDM2M2JjN2M0YzAiOnsiY3JlYXRlIjozMDAwMDAwMDAwMDAsImRlbGV0ZSI6MzAwMDAwMDAwMDAwLCJ1cGRhdGUiOjEyMDAwMDAwMDAwMH19",
          "dependencies": [
            "aws_vpc.app_vpc",
            "module.subnet_module.aws_eip.nat_eip",
            "module.subnet_module.aws_nat_gateway.app_nat_gateway",
            "module.subnet_module.aws_route_table.private_route_table",
            "module.subnet_module.aws_subnet.private_subnet_us_east_1b",
            "module.subnet_module.aws_subnet.public_subnet_us_east_1a"
          ]
        }
      ]
    },
    {
      "module": "module.subnet_module",
      "mode": "managed",
      "type": "aws_route_table_association",
      "name": "public_subnet_association_us_east_1a",
      "provider": "provider[\"registry.terraform.io/hashicorp/aws\"]",
      "instances": [
        {
          "schema_version": 0,
          "attributes": {
            "gateway_id": "",
            "id": "rtbassoc-059f3983313d5f05a",
            "route_table_id": "rtb-04ea3528634a91627",
            "subnet_id": "subnet-08b92f5b7e11885f4",
            "timeouts": null
          },
          "sensitive_attributes": [],
          "private": "eyJlMmJmYjczMC1lY2FhLTExZTYtOGY4OC0zNDM2M2JjN2M0YzAiOnsiY3JlYXRlIjozMDAwMDAwMDAwMDAsImRlbGV0ZSI6MzAwMDAwMDAwMDAwLCJ1cGRhdGUiOjEyMDAwMDAwMDAwMH19",
          "dependencies": [
            "aws_vpc.app_vpc",
            "module.subnet_module.aws_internet_gateway.app_igw",
            "module.subnet_module.aws_route_table.public_route_table",
            "module.subnet_module.aws_subnet.public_subnet_us_east_1a"
          ]
        }
      ]
    },
    {
      "module": "module.subnet_module",
      "mode": "managed",
      "type": "aws_route_table_association",
      "name": "public_subnet_association_us_east_1b",
      "provider": "provider[\"registry.terraform.io/hashicorp/aws\"]",
      "instances": [
        {
          "schema_version": 0,
          "attributes": {
            "gateway_id": "",
            "id": "rtbassoc-0dab7d2c5f1a580b1",
            "route_table_id": "rtb-04ea3528634a91627",
            "subnet_id": "subnet-0e65e5699729e168d",
            "timeouts": null
          },
          "sensitive_attributes": [],
          "private": "eyJlMmJmYjczMC1lY2FhLTExZTYtOGY4OC0zNDM2M2JjN2M0YzAiOnsiY3JlYXRlIjozMDAwMDAwMDAwMDAsImRlbGV0ZSI6MzAwMDAwMDAwMDAwLCJ1cGRhdGUiOjEyMDAwMDAwMDAwMH19",
          "dependencies": [
            "aws_vpc.app_vpc",
            "module.subnet_module.aws_internet_gateway.app_igw",
            "module.subnet_module.aws_route_table.public_route_table",
            "module.subnet_module.aws_subnet.public_subnet_us_east_1b"
          ]
        }
      ]
    },
    {
      "module": "module.subnet_module",
      "mode": "managed",
      "type": "aws_subnet",
      "name": "private_subnet_us_east_1a",
      "provider": "provider[\"registry.terraform.io/hashicorp/aws\"]",
      "instances": [
        {
          "schema_version": 1,
          "attributes": {
            "arn": "arn:aws:ec2:us-east-1:737457451118:subnet/subnet-026c33d601c5ba4dc",
            "assign_ipv6_address_on_creation": false,
            "availability_zone": "us-east-1a",
            "availability_zone_id": "use1-az1",
            "cidr_block": "10.0.2.0/24",
            "customer_owned_ipv4_pool": "",
            "enable_dns64": false,
            "enable_lni_at_device_index": 0,
            "enable_resource_name_dns_a_record_on_launch": false,
            "enable_resource_name_dns_aaaa_record_on_launch": false,
            "id": "subnet-026c33d601c5ba4dc",
            "ipv6_cidr_block": "",
            "ipv6_cidr_block_association_id": "",
            "ipv6_native": false,
            "map_customer_owned_ip_on_launch": false,
            "map_public_ip_on_launch": false,
            "outpost_arn": "",
            "owner_id": "737457451118",
            "private_dns_hostname_type_on_launch": "ip-name",
            "tags": {
              "Name": "wordpress-app-private_subnet_us_east_1a",
              "app": "wordpress",
              "created-by": "Bushra Fatima",
              "environment": "XLDP-dev",
              "owner": "Bushra Fatima",
              "project": "S217-XLDP",
              "team": "Firebirds"
            },
            "tags_all": {
              "Name": "wordpress-app-private_subnet_us_east_1a",
              "app": "wordpress",
              "created-by": "Bushra Fatima",
              "environment": "XLDP-dev",
              "owner": "Bushra Fatima",
              "project": "S217-XLDP",
              "team": "Firebirds"
            },
            "timeouts": null,
            "vpc_id": "vpc-004e37d5b6359d560"
          },
          "sensitive_attributes": [],
          "private": "eyJlMmJmYjczMC1lY2FhLTExZTYtOGY4OC0zNDM2M2JjN2M0YzAiOnsiY3JlYXRlIjo2MDAwMDAwMDAwMDAsImRlbGV0ZSI6MTIwMDAwMDAwMDAwMH0sInNjaGVtYV92ZXJzaW9uIjoiMSJ9",
          "dependencies": [
            "aws_vpc.app_vpc"
          ],
          "create_before_destroy": true
        }
      ]
    },
    {
      "module": "module.subnet_module",
      "mode": "managed",
      "type": "aws_subnet",
      "name": "private_subnet_us_east_1b",
      "provider": "provider[\"registry.terraform.io/hashicorp/aws\"]",
      "instances": [
        {
          "schema_version": 1,
          "attributes": {
            "arn": "arn:aws:ec2:us-east-1:737457451118:subnet/subnet-0932f448536ef1ca9",
            "assign_ipv6_address_on_creation": false,
            "availability_zone": "us-east-1b",
            "availability_zone_id": "use1-az2",
            "cidr_block": "10.0.4.0/24",
            "customer_owned_ipv4_pool": "",
            "enable_dns64": false,
            "enable_lni_at_device_index": 0,
            "enable_resource_name_dns_a_record_on_launch": false,
            "enable_resource_name_dns_aaaa_record_on_launch": false,
            "id": "subnet-0932f448536ef1ca9",
            "ipv6_cidr_block": "",
            "ipv6_cidr_block_association_id": "",
            "ipv6_native": false,
            "map_customer_owned_ip_on_launch": false,
            "map_public_ip_on_launch": false,
            "outpost_arn": "",
            "owner_id": "737457451118",
            "private_dns_hostname_type_on_launch": "ip-name",
            "tags": {
              "Name": "wordpress-app-private_subnet_us_east_1b",
              "app": "wordpress",
              "created-by": "Bushra Fatima",
              "environment": "XLDP-dev",
              "owner": "Bushra Fatima",
              "project": "S217-XLDP",
              "team": "Firebirds"
            },
            "tags_all": {
              "Name": "wordpress-app-private_subnet_us_east_1b",
              "app": "wordpress",
              "created-by": "Bushra Fatima",
              "environment": "XLDP-dev",
              "owner": "Bushra Fatima",
              "project": "S217-XLDP",
              "team": "Firebirds"
            },
            "timeouts": null,
            "vpc_id": "vpc-004e37d5b6359d560"
          },
          "sensitive_attributes": [],
          "private": "eyJlMmJmYjczMC1lY2FhLTExZTYtOGY4OC0zNDM2M2JjN2M0YzAiOnsiY3JlYXRlIjo2MDAwMDAwMDAwMDAsImRlbGV0ZSI6MTIwMDAwMDAwMDAwMH0sInNjaGVtYV92ZXJzaW9uIjoiMSJ9",
          "dependencies": [
            "aws_vpc.app_vpc"
          ],
          "create_before_destroy": true
        }
      ]
    },
    {
      "module": "module.subnet_module",
      "mode": "managed",
      "type": "aws_subnet",
      "name": "public_subnet_us_east_1a",
      "provider": "provider[\"registry.terraform.io/hashicorp/aws\"]",
      "instances": [
        {
          "schema_version": 1,
          "attributes": {
            "arn": "arn:aws:ec2:us-east-1:737457451118:subnet/subnet-08b92f5b7e11885f4",
            "assign_ipv6_address_on_creation": false,
            "availability_zone": "us-east-1a",
            "availability_zone_id": "use1-az1",
            "cidr_block": "10.0.1.0/24",
            "customer_owned_ipv4_pool": "",
            "enable_dns64": false,
            "enable_lni_at_device_index": 0,
            "enable_resource_name_dns_a_record_on_launch": false,
            "enable_resource_name_dns_aaaa_record_on_launch": false,
            "id": "subnet-08b92f5b7e11885f4",
            "ipv6_cidr_block": "",
            "ipv6_cidr_block_association_id": "",
            "ipv6_native": false,
            "map_customer_owned_ip_on_launch": false,
            "map_public_ip_on_launch": true,
            "outpost_arn": "",
            "owner_id": "737457451118",
            "private_dns_hostname_type_on_launch": "ip-name",
            "tags": {
              "Name": "wordpress-app-public-subnet-us-east-1a",
              "app": "wordpress",
              "created-by": "Bushra Fatima",
              "environment": "XLDP-dev",
              "owner": "Bushra Fatima",
              "project": "S217-XLDP",
              "team": "Firebirds"
            },
            "tags_all": {
              "Name": "wordpress-app-public-subnet-us-east-1a",
              "app": "wordpress",
              "created-by": "Bushra Fatima",
              "environment": "XLDP-dev",
              "owner": "Bushra Fatima",
              "project": "S217-XLDP",
              "team": "Firebirds"
            },
            "timeouts": null,
            "vpc_id": "vpc-004e37d5b6359d560"
          },
          "sensitive_attributes": [],
          "private": "eyJlMmJmYjczMC1lY2FhLTExZTYtOGY4OC0zNDM2M2JjN2M0YzAiOnsiY3JlYXRlIjo2MDAwMDAwMDAwMDAsImRlbGV0ZSI6MTIwMDAwMDAwMDAwMH0sInNjaGVtYV92ZXJzaW9uIjoiMSJ9",
          "dependencies": [
            "aws_vpc.app_vpc"
          ]
        }
      ]
    },
    {
      "module": "module.subnet_module",
      "mode": "managed",
      "type": "aws_subnet",
      "name": "public_subnet_us_east_1b",
      "provider": "provider[\"registry.terraform.io/hashicorp/aws\"]",
      "instances": [
        {
          "schema_version": 1,
          "attributes": {
            "arn": "arn:aws:ec2:us-east-1:737457451118:subnet/subnet-0e65e5699729e168d",
            "assign_ipv6_address_on_creation": false,
            "availability_zone": "us-east-1b",
            "availability_zone_id": "use1-az2",
            "cidr_block": "10.0.3.0/24",
            "customer_owned_ipv4_pool": "",
            "enable_dns64": false,
            "enable_lni_at_device_index": 0,
            "enable_resource_name_dns_a_record_on_launch": false,
            "enable_resource_name_dns_aaaa_record_on_launch": false,
            "id": "subnet-0e65e5699729e168d",
            "ipv6_cidr_block": "",
            "ipv6_cidr_block_association_id": "",
            "ipv6_native": false,
            "map_customer_owned_ip_on_launch": false,
            "map_public_ip_on_launch": true,
            "outpost_arn": "",
            "owner_id": "737457451118",
            "private_dns_hostname_type_on_launch": "ip-name",
            "tags": {
              "Name": "wordpress-app-public_subnet_us_east_1b",
              "app": "wordpress",
              "created-by": "Bushra Fatima",
              "environment": "XLDP-dev",
              "owner": "Bushra Fatima",
              "project": "S217-XLDP",
              "team": "Firebirds"
            },
            "tags_all": {
              "Name": "wordpress-app-public_subnet_us_east_1b",
              "app": "wordpress",
              "created-by": "Bushra Fatima",
              "environment": "XLDP-dev",
              "owner": "Bushra Fatima",
              "project": "S217-XLDP",
              "team": "Firebirds"
            },
            "timeouts": null,
            "vpc_id": "vpc-004e37d5b6359d560"
          },
          "sensitive_attributes": [],
          "private": "eyJlMmJmYjczMC1lY2FhLTExZTYtOGY4OC0zNDM2M2JjN2M0YzAiOnsiY3JlYXRlIjo2MDAwMDAwMDAwMDAsImRlbGV0ZSI6MTIwMDAwMDAwMDAwMH0sInNjaGVtYV92ZXJzaW9uIjoiMSJ9",
          "dependencies": [
            "aws_vpc.app_vpc"
          ]
        }
      ]
    }
  ],
  "check_results": null
}
